// !$*UTF8*$!
{
	archiveVersion = 1;
	classes = {
	};
	objectVersion = 55;
	objects = {

/* Begin PBXBuildFile section */
		840D6A2C272BDF0C007E4FD7 /* Enums.swift in Sources */ = {isa = PBXBuildFile; fileRef = 840D6A2B272BDF0C007E4FD7 /* Enums.swift */; };
		840D6A2E272BE914007E4FD7 /* RouterProtocols.swift in Sources */ = {isa = PBXBuildFile; fileRef = 840D6A2D272BE914007E4FD7 /* RouterProtocols.swift */; };
		840D6A31272BFA89007E4FD7 /* MainTabBarBuilder.swift in Sources */ = {isa = PBXBuildFile; fileRef = 840D6A30272BFA89007E4FD7 /* MainTabBarBuilder.swift */; };
		840D6A35272BFD2C007E4FD7 /* HistoryViewController.swift in Sources */ = {isa = PBXBuildFile; fileRef = 840D6A34272BFD2C007E4FD7 /* HistoryViewController.swift */; };
		840D6A37272BFD3A007E4FD7 /* HistoryView.swift in Sources */ = {isa = PBXBuildFile; fileRef = 840D6A36272BFD3A007E4FD7 /* HistoryView.swift */; };
		840D6A39272BFD4F007E4FD7 /* HistoryPresenter.swift in Sources */ = {isa = PBXBuildFile; fileRef = 840D6A38272BFD4F007E4FD7 /* HistoryPresenter.swift */; };
		840D6A3D272BFD6B007E4FD7 /* ProfileViewController.swift in Sources */ = {isa = PBXBuildFile; fileRef = 840D6A3C272BFD6B007E4FD7 /* ProfileViewController.swift */; };
		840D6A3F272BFD77007E4FD7 /* ProfilePresenter.swift in Sources */ = {isa = PBXBuildFile; fileRef = 840D6A3E272BFD77007E4FD7 /* ProfilePresenter.swift */; };
		840D6A43272BFDD9007E4FD7 /* DetailHistoryViewController.swift in Sources */ = {isa = PBXBuildFile; fileRef = 840D6A42272BFDD9007E4FD7 /* DetailHistoryViewController.swift */; };
		840D6A45272BFDE5007E4FD7 /* DetailHistoryView.swift in Sources */ = {isa = PBXBuildFile; fileRef = 840D6A44272BFDE5007E4FD7 /* DetailHistoryView.swift */; };
		840D6A47272BFE0E007E4FD7 /* DetailHistoryPresenter.swift in Sources */ = {isa = PBXBuildFile; fileRef = 840D6A46272BFE0E007E4FD7 /* DetailHistoryPresenter.swift */; };
		84264DD52745764B00CFBF7D /* AuthWithEmailView.swift in Sources */ = {isa = PBXBuildFile; fileRef = 84264DD42745764B00CFBF7D /* AuthWithEmailView.swift */; };
		84264DDB27458C2200CFBF7D /* AuthWithEmailViewController.swift in Sources */ = {isa = PBXBuildFile; fileRef = 84264DDA27458C2200CFBF7D /* AuthWithEmailViewController.swift */; };
		84264DDD27458C3300CFBF7D /* AuthWithEmailPresenter.swift in Sources */ = {isa = PBXBuildFile; fileRef = 84264DDC27458C3300CFBF7D /* AuthWithEmailPresenter.swift */; };
		842DF8322743866300275554 /* ActionButton.swift in Sources */ = {isa = PBXBuildFile; fileRef = 842DF8312743866300275554 /* ActionButton.swift */; };
		84309B912747BBD400CB1023 /* UserSettings.swift in Sources */ = {isa = PBXBuildFile; fileRef = 84309B902747BBD400CB1023 /* UserSettings.swift */; };
		84309B942747C27500CB1023 /* UserSettingsService.swift in Sources */ = {isa = PBXBuildFile; fileRef = 84309B932747C27500CB1023 /* UserSettingsService.swift */; };
		84391B38273182DE00B77E39 /* BrewView.swift in Sources */ = {isa = PBXBuildFile; fileRef = 84391B37273182DE00B77E39 /* BrewView.swift */; };
		84391B3E2731968600B77E39 /* BrewConfigurationView.swift in Sources */ = {isa = PBXBuildFile; fileRef = 84391B3D2731968600B77E39 /* BrewConfigurationView.swift */; };
		84391B402731969B00B77E39 /* BrewConfigurationViewController.swift in Sources */ = {isa = PBXBuildFile; fileRef = 84391B3F2731969B00B77E39 /* BrewConfigurationViewController.swift */; };
		84391B42273196AF00B77E39 /* BrewConfigurationPresenter.swift in Sources */ = {isa = PBXBuildFile; fileRef = 84391B41273196AF00B77E39 /* BrewConfigurationPresenter.swift */; };
		84391B4427319AA300B77E39 /* Extensions.swift in Sources */ = {isa = PBXBuildFile; fileRef = 84391B4327319AA300B77E39 /* Extensions.swift */; };
		84391B462731A31500B77E39 /* BrewListView.swift in Sources */ = {isa = PBXBuildFile; fileRef = 84391B452731A31500B77E39 /* BrewListView.swift */; };
		84391B482731A32E00B77E39 /* BrewListViewController.swift in Sources */ = {isa = PBXBuildFile; fileRef = 84391B472731A32E00B77E39 /* BrewListViewController.swift */; };
		84391B4A2731A34300B77E39 /* BrewListPresenter.swift in Sources */ = {isa = PBXBuildFile; fileRef = 84391B492731A34300B77E39 /* BrewListPresenter.swift */; };
		844F5EF62730046B00989CB3 /* MainTabBarController.swift in Sources */ = {isa = PBXBuildFile; fileRef = 844F5EF52730046B00989CB3 /* MainTabBarController.swift */; };
		8459A8402747CB1A00A6A1CF /* DependencyManager.swift in Sources */ = {isa = PBXBuildFile; fileRef = 8459A83F2747CB1A00A6A1CF /* DependencyManager.swift */; };
		8459A8432747DC0B00A6A1CF /* BaseViewController.swift in Sources */ = {isa = PBXBuildFile; fileRef = 8459A8422747DC0B00A6A1CF /* BaseViewController.swift */; };
		8459A8452747DC3D00A6A1CF /* BaseLoaderViewController.swift in Sources */ = {isa = PBXBuildFile; fileRef = 8459A8442747DC3D00A6A1CF /* BaseLoaderViewController.swift */; };
		8471D010273126F300A28728 /* BrewViewController.swift in Sources */ = {isa = PBXBuildFile; fileRef = 8471D00F273126F300A28728 /* BrewViewController.swift */; };
		8471D0122731273600A28728 /* BrewPresenter.swift in Sources */ = {isa = PBXBuildFile; fileRef = 8471D0112731273600A28728 /* BrewPresenter.swift */; };
		847A4E792729895A00539CD2 /* AppDelegate.swift in Sources */ = {isa = PBXBuildFile; fileRef = 847A4E782729895A00539CD2 /* AppDelegate.swift */; };
		847A4E7B2729895A00539CD2 /* SceneDelegate.swift in Sources */ = {isa = PBXBuildFile; fileRef = 847A4E7A2729895A00539CD2 /* SceneDelegate.swift */; };
		847A4E822729895B00539CD2 /* Assets.xcassets in Resources */ = {isa = PBXBuildFile; fileRef = 847A4E812729895B00539CD2 /* Assets.xcassets */; };
		847A4E852729895B00539CD2 /* LaunchScreen.storyboard in Resources */ = {isa = PBXBuildFile; fileRef = 847A4E832729895B00539CD2 /* LaunchScreen.storyboard */; };
		847A4E902729895B00539CD2 /* BrewlyTests.swift in Sources */ = {isa = PBXBuildFile; fileRef = 847A4E8F2729895B00539CD2 /* BrewlyTests.swift */; };
		847A4E9A2729895B00539CD2 /* BrewlyUITests.swift in Sources */ = {isa = PBXBuildFile; fileRef = 847A4E992729895B00539CD2 /* BrewlyUITests.swift */; };
		847A4E9C2729895B00539CD2 /* BrewlyUITestsLaunchTests.swift in Sources */ = {isa = PBXBuildFile; fileRef = 847A4E9B2729895B00539CD2 /* BrewlyUITestsLaunchTests.swift */; };
		84845E3C274D427D005F97D5 /* FirebaseAuth in Frameworks */ = {isa = PBXBuildFile; productRef = 84845E3B274D427D005F97D5 /* FirebaseAuth */; };
		84845E3E274D427D005F97D5 /* FirebaseDatabase in Frameworks */ = {isa = PBXBuildFile; productRef = 84845E3D274D427D005F97D5 /* FirebaseDatabase */; };
		84845E40274D427D005F97D5 /* FirebaseFirestore in Frameworks */ = {isa = PBXBuildFile; productRef = 84845E3F274D427D005F97D5 /* FirebaseFirestore */; };
		84845E42274D427D005F97D5 /* FirebaseStorage in Frameworks */ = {isa = PBXBuildFile; productRef = 84845E41274D427D005F97D5 /* FirebaseStorage */; };
		84845E48274D44A1005F97D5 /* GoogleSignIn in Frameworks */ = {isa = PBXBuildFile; productRef = 84845E47274D44A1005F97D5 /* GoogleSignIn */; };
		8493DC19272AC57500FBE8BD /* LoginViewController.swift in Sources */ = {isa = PBXBuildFile; fileRef = 8493DC18272AC57500FBE8BD /* LoginViewController.swift */; };
		8493DC1B272AC59A00FBE8BD /* SignUpViewController.swift in Sources */ = {isa = PBXBuildFile; fileRef = 8493DC1A272AC59A00FBE8BD /* SignUpViewController.swift */; };
		8493DC1F272AC5EC00FBE8BD /* OnboardingViewController.swift in Sources */ = {isa = PBXBuildFile; fileRef = 8493DC1E272AC5EC00FBE8BD /* OnboardingViewController.swift */; };
		8493DC21272AD2FC00FBE8BD /* AuthPresenter.swift in Sources */ = {isa = PBXBuildFile; fileRef = 8493DC20272AD2FB00FBE8BD /* AuthPresenter.swift */; };
		8493DC23272AD30500FBE8BD /* AuthView.swift in Sources */ = {isa = PBXBuildFile; fileRef = 8493DC22272AD30500FBE8BD /* AuthView.swift */; };
		8493DC27272AD33100FBE8BD /* OnboardingPresenter.swift in Sources */ = {isa = PBXBuildFile; fileRef = 8493DC26272AD33100FBE8BD /* OnboardingPresenter.swift */; };
		8493DC29272AD37700FBE8BD /* AuthBuilder.swift in Sources */ = {isa = PBXBuildFile; fileRef = 8493DC28272AD37700FBE8BD /* AuthBuilder.swift */; };
		8493DC2D272ADD8400FBE8BD /* Router.swift in Sources */ = {isa = PBXBuildFile; fileRef = 8493DC2C272ADD8400FBE8BD /* Router.swift */; };
		8493DC2F272AE3B800FBE8BD /* OnboardingBuilder.swift in Sources */ = {isa = PBXBuildFile; fileRef = 8493DC2E272AE3B800FBE8BD /* OnboardingBuilder.swift */; };
		8493DC37272AFF2600FBE8BD /* (null) in Sources */ = {isa = PBXBuildFile; };
		8493DC3A272B001D00FBE8BD /* Extension + View.swift in Sources */ = {isa = PBXBuildFile; fileRef = 8493DC39272B001D00FBE8BD /* Extension + View.swift */; };
		8493DC3C272B003800FBE8BD /* Extension + ViewController.swift in Sources */ = {isa = PBXBuildFile; fileRef = 8493DC3B272B003800FBE8BD /* Extension + ViewController.swift */; };
		84B5847F273916B0005EA2A4 /* BrewItemView.swift in Sources */ = {isa = PBXBuildFile; fileRef = 84B5847E273916B0005EA2A4 /* BrewItemView.swift */; };
		84B58481273916C2005EA2A4 /* BrewItemViewController.swift in Sources */ = {isa = PBXBuildFile; fileRef = 84B58480273916C2005EA2A4 /* BrewItemViewController.swift */; };
		84B58483273916CC005EA2A4 /* BrewItemPresenter.swift in Sources */ = {isa = PBXBuildFile; fileRef = 84B58482273916CC005EA2A4 /* BrewItemPresenter.swift */; };
		84B5848527393635005EA2A4 /* GoogleService-Info.plist in Resources */ = {isa = PBXBuildFile; fileRef = 84B5848427393635005EA2A4 /* GoogleService-Info.plist */; };
		84CDFB4C2742374D0006A666 /* OnboardingView.swift in Sources */ = {isa = PBXBuildFile; fileRef = 84CDFB4B2742374D0006A666 /* OnboardingView.swift */; };
		84CDFB4E274239ED0006A666 /* AuthEnums.swift in Sources */ = {isa = PBXBuildFile; fileRef = 84CDFB4D274239ED0006A666 /* AuthEnums.swift */; };
		84D5D91F274E74F700C6091B /* AuthWithOTPView.swift in Sources */ = {isa = PBXBuildFile; fileRef = 84D5D91E274E74F700C6091B /* AuthWithOTPView.swift */; };
		84D5D921274E750900C6091B /* AuthWithOTPViewController.swift in Sources */ = {isa = PBXBuildFile; fileRef = 84D5D920274E750900C6091B /* AuthWithOTPViewController.swift */; };
		84D5D923274E751700C6091B /* AuthWithOTPPresenter.swift in Sources */ = {isa = PBXBuildFile; fileRef = 84D5D922274E751700C6091B /* AuthWithOTPPresenter.swift */; };
		84E352402744E6AC00857289 /* AuthViewModel.swift in Sources */ = {isa = PBXBuildFile; fileRef = 84E3523F2744E6AC00857289 /* AuthViewModel.swift */; };
		84E43B3E273A5E3C0008E8AD /* User.swift in Sources */ = {isa = PBXBuildFile; fileRef = 84E43B3D273A5E3C0008E8AD /* User.swift */; };
		84E43B41273A5E690008E8AD /* DB.swift in Sources */ = {isa = PBXBuildFile; fileRef = 84E43B40273A5E690008E8AD /* DB.swift */; };
		84E43B43273A5EB50008E8AD /* DataFetcher.swift in Sources */ = {isa = PBXBuildFile; fileRef = 84E43B42273A5EB50008E8AD /* DataFetcher.swift */; };
		84E43B45273A5EC80008E8AD /* DataUploader.swift in Sources */ = {isa = PBXBuildFile; fileRef = 84E43B44273A5EC80008E8AD /* DataUploader.swift */; };
		84E43B47273A5EE00008E8AD /* AuthService.swift in Sources */ = {isa = PBXBuildFile; fileRef = 84E43B46273A5EE00008E8AD /* AuthService.swift */; };
		84E43B49273A5F010008E8AD /* FirebaseService.swift in Sources */ = {isa = PBXBuildFile; fileRef = 84E43B48273A5F010008E8AD /* FirebaseService.swift */; };
/* End PBXBuildFile section */

/* Begin PBXContainerItemProxy section */
		847A4E8C2729895B00539CD2 /* PBXContainerItemProxy */ = {
			isa = PBXContainerItemProxy;
			containerPortal = 847A4E6D2729895A00539CD2 /* Project object */;
			proxyType = 1;
			remoteGlobalIDString = 847A4E742729895A00539CD2;
			remoteInfo = Brewly;
		};
		847A4E962729895B00539CD2 /* PBXContainerItemProxy */ = {
			isa = PBXContainerItemProxy;
			containerPortal = 847A4E6D2729895A00539CD2 /* Project object */;
			proxyType = 1;
			remoteGlobalIDString = 847A4E742729895A00539CD2;
			remoteInfo = Brewly;
		};
/* End PBXContainerItemProxy section */

/* Begin PBXFileReference section */
		840D6A2B272BDF0C007E4FD7 /* Enums.swift */ = {isa = PBXFileReference; lastKnownFileType = sourcecode.swift; path = Enums.swift; sourceTree = "<group>"; };
		840D6A2D272BE914007E4FD7 /* RouterProtocols.swift */ = {isa = PBXFileReference; lastKnownFileType = sourcecode.swift; path = RouterProtocols.swift; sourceTree = "<group>"; };
		840D6A30272BFA89007E4FD7 /* MainTabBarBuilder.swift */ = {isa = PBXFileReference; lastKnownFileType = sourcecode.swift; path = MainTabBarBuilder.swift; sourceTree = "<group>"; };
		840D6A34272BFD2C007E4FD7 /* HistoryViewController.swift */ = {isa = PBXFileReference; lastKnownFileType = sourcecode.swift; path = HistoryViewController.swift; sourceTree = "<group>"; };
		840D6A36272BFD3A007E4FD7 /* HistoryView.swift */ = {isa = PBXFileReference; lastKnownFileType = sourcecode.swift; path = HistoryView.swift; sourceTree = "<group>"; };
		840D6A38272BFD4F007E4FD7 /* HistoryPresenter.swift */ = {isa = PBXFileReference; lastKnownFileType = sourcecode.swift; path = HistoryPresenter.swift; sourceTree = "<group>"; };
		840D6A3C272BFD6B007E4FD7 /* ProfileViewController.swift */ = {isa = PBXFileReference; lastKnownFileType = sourcecode.swift; path = ProfileViewController.swift; sourceTree = "<group>"; };
		840D6A3E272BFD77007E4FD7 /* ProfilePresenter.swift */ = {isa = PBXFileReference; lastKnownFileType = sourcecode.swift; path = ProfilePresenter.swift; sourceTree = "<group>"; };
		840D6A42272BFDD9007E4FD7 /* DetailHistoryViewController.swift */ = {isa = PBXFileReference; lastKnownFileType = sourcecode.swift; path = DetailHistoryViewController.swift; sourceTree = "<group>"; };
		840D6A44272BFDE5007E4FD7 /* DetailHistoryView.swift */ = {isa = PBXFileReference; lastKnownFileType = sourcecode.swift; path = DetailHistoryView.swift; sourceTree = "<group>"; };
		840D6A46272BFE0E007E4FD7 /* DetailHistoryPresenter.swift */ = {isa = PBXFileReference; lastKnownFileType = sourcecode.swift; path = DetailHistoryPresenter.swift; sourceTree = "<group>"; };
		84264DD42745764B00CFBF7D /* AuthWithEmailView.swift */ = {isa = PBXFileReference; lastKnownFileType = sourcecode.swift; path = AuthWithEmailView.swift; sourceTree = "<group>"; };
		84264DDA27458C2200CFBF7D /* AuthWithEmailViewController.swift */ = {isa = PBXFileReference; lastKnownFileType = sourcecode.swift; path = AuthWithEmailViewController.swift; sourceTree = "<group>"; };
		84264DDC27458C3300CFBF7D /* AuthWithEmailPresenter.swift */ = {isa = PBXFileReference; lastKnownFileType = sourcecode.swift; path = AuthWithEmailPresenter.swift; sourceTree = "<group>"; };
		842DF8312743866300275554 /* ActionButton.swift */ = {isa = PBXFileReference; lastKnownFileType = sourcecode.swift; path = ActionButton.swift; sourceTree = "<group>"; };
		84309B902747BBD400CB1023 /* UserSettings.swift */ = {isa = PBXFileReference; lastKnownFileType = sourcecode.swift; path = UserSettings.swift; sourceTree = "<group>"; };
		84309B932747C27500CB1023 /* UserSettingsService.swift */ = {isa = PBXFileReference; lastKnownFileType = sourcecode.swift; path = UserSettingsService.swift; sourceTree = "<group>"; };
		84391B37273182DE00B77E39 /* BrewView.swift */ = {isa = PBXFileReference; lastKnownFileType = sourcecode.swift; path = BrewView.swift; sourceTree = "<group>"; };
		84391B3D2731968600B77E39 /* BrewConfigurationView.swift */ = {isa = PBXFileReference; lastKnownFileType = sourcecode.swift; path = BrewConfigurationView.swift; sourceTree = "<group>"; };
		84391B3F2731969B00B77E39 /* BrewConfigurationViewController.swift */ = {isa = PBXFileReference; lastKnownFileType = sourcecode.swift; path = BrewConfigurationViewController.swift; sourceTree = "<group>"; };
		84391B41273196AF00B77E39 /* BrewConfigurationPresenter.swift */ = {isa = PBXFileReference; lastKnownFileType = sourcecode.swift; path = BrewConfigurationPresenter.swift; sourceTree = "<group>"; };
		84391B4327319AA300B77E39 /* Extensions.swift */ = {isa = PBXFileReference; lastKnownFileType = sourcecode.swift; path = Extensions.swift; sourceTree = "<group>"; };
		84391B452731A31500B77E39 /* BrewListView.swift */ = {isa = PBXFileReference; lastKnownFileType = sourcecode.swift; path = BrewListView.swift; sourceTree = "<group>"; };
		84391B472731A32E00B77E39 /* BrewListViewController.swift */ = {isa = PBXFileReference; lastKnownFileType = sourcecode.swift; path = BrewListViewController.swift; sourceTree = "<group>"; };
		84391B492731A34300B77E39 /* BrewListPresenter.swift */ = {isa = PBXFileReference; lastKnownFileType = sourcecode.swift; path = BrewListPresenter.swift; sourceTree = "<group>"; };
		844F5EF52730046B00989CB3 /* MainTabBarController.swift */ = {isa = PBXFileReference; lastKnownFileType = sourcecode.swift; path = MainTabBarController.swift; sourceTree = "<group>"; };
		8459A83F2747CB1A00A6A1CF /* DependencyManager.swift */ = {isa = PBXFileReference; lastKnownFileType = sourcecode.swift; path = DependencyManager.swift; sourceTree = "<group>"; };
		8459A8422747DC0B00A6A1CF /* BaseViewController.swift */ = {isa = PBXFileReference; lastKnownFileType = sourcecode.swift; path = BaseViewController.swift; sourceTree = "<group>"; };
		8459A8442747DC3D00A6A1CF /* BaseLoaderViewController.swift */ = {isa = PBXFileReference; lastKnownFileType = sourcecode.swift; path = BaseLoaderViewController.swift; sourceTree = "<group>"; };
		8471D00F273126F300A28728 /* BrewViewController.swift */ = {isa = PBXFileReference; lastKnownFileType = sourcecode.swift; path = BrewViewController.swift; sourceTree = "<group>"; };
		8471D0112731273600A28728 /* BrewPresenter.swift */ = {isa = PBXFileReference; lastKnownFileType = sourcecode.swift; path = BrewPresenter.swift; sourceTree = "<group>"; };
		847A4E752729895A00539CD2 /* Brewly.app */ = {isa = PBXFileReference; explicitFileType = wrapper.application; includeInIndex = 0; path = Brewly.app; sourceTree = BUILT_PRODUCTS_DIR; };
		847A4E782729895A00539CD2 /* AppDelegate.swift */ = {isa = PBXFileReference; lastKnownFileType = sourcecode.swift; path = AppDelegate.swift; sourceTree = "<group>"; };
		847A4E7A2729895A00539CD2 /* SceneDelegate.swift */ = {isa = PBXFileReference; lastKnownFileType = sourcecode.swift; path = SceneDelegate.swift; sourceTree = "<group>"; };
		847A4E812729895B00539CD2 /* Assets.xcassets */ = {isa = PBXFileReference; lastKnownFileType = folder.assetcatalog; path = Assets.xcassets; sourceTree = "<group>"; };
		847A4E842729895B00539CD2 /* Base */ = {isa = PBXFileReference; lastKnownFileType = file.storyboard; name = Base; path = Base.lproj/LaunchScreen.storyboard; sourceTree = "<group>"; };
		847A4E862729895B00539CD2 /* Info.plist */ = {isa = PBXFileReference; lastKnownFileType = text.plist.xml; name = Info.plist; path = Brewly/Core/Info.plist; sourceTree = SOURCE_ROOT; };
		847A4E8B2729895B00539CD2 /* BrewlyTests.xctest */ = {isa = PBXFileReference; explicitFileType = wrapper.cfbundle; includeInIndex = 0; path = BrewlyTests.xctest; sourceTree = BUILT_PRODUCTS_DIR; };
		847A4E8F2729895B00539CD2 /* BrewlyTests.swift */ = {isa = PBXFileReference; lastKnownFileType = sourcecode.swift; path = BrewlyTests.swift; sourceTree = "<group>"; };
		847A4E952729895B00539CD2 /* BrewlyUITests.xctest */ = {isa = PBXFileReference; explicitFileType = wrapper.cfbundle; includeInIndex = 0; path = BrewlyUITests.xctest; sourceTree = BUILT_PRODUCTS_DIR; };
		847A4E992729895B00539CD2 /* BrewlyUITests.swift */ = {isa = PBXFileReference; lastKnownFileType = sourcecode.swift; path = BrewlyUITests.swift; sourceTree = "<group>"; };
		847A4E9B2729895B00539CD2 /* BrewlyUITestsLaunchTests.swift */ = {isa = PBXFileReference; lastKnownFileType = sourcecode.swift; path = BrewlyUITestsLaunchTests.swift; sourceTree = "<group>"; };
		8493DC18272AC57500FBE8BD /* LoginViewController.swift */ = {isa = PBXFileReference; lastKnownFileType = sourcecode.swift; path = LoginViewController.swift; sourceTree = "<group>"; };
		8493DC1A272AC59A00FBE8BD /* SignUpViewController.swift */ = {isa = PBXFileReference; lastKnownFileType = sourcecode.swift; path = SignUpViewController.swift; sourceTree = "<group>"; };
		8493DC1E272AC5EC00FBE8BD /* OnboardingViewController.swift */ = {isa = PBXFileReference; lastKnownFileType = sourcecode.swift; path = OnboardingViewController.swift; sourceTree = "<group>"; };
		8493DC20272AD2FB00FBE8BD /* AuthPresenter.swift */ = {isa = PBXFileReference; lastKnownFileType = sourcecode.swift; path = AuthPresenter.swift; sourceTree = "<group>"; };
		8493DC22272AD30500FBE8BD /* AuthView.swift */ = {isa = PBXFileReference; lastKnownFileType = sourcecode.swift; path = AuthView.swift; sourceTree = "<group>"; };
		8493DC26272AD33100FBE8BD /* OnboardingPresenter.swift */ = {isa = PBXFileReference; lastKnownFileType = sourcecode.swift; path = OnboardingPresenter.swift; sourceTree = "<group>"; };
		8493DC28272AD37700FBE8BD /* AuthBuilder.swift */ = {isa = PBXFileReference; lastKnownFileType = sourcecode.swift; path = AuthBuilder.swift; sourceTree = "<group>"; };
		8493DC2C272ADD8400FBE8BD /* Router.swift */ = {isa = PBXFileReference; lastKnownFileType = sourcecode.swift; path = Router.swift; sourceTree = "<group>"; };
		8493DC2E272AE3B800FBE8BD /* OnboardingBuilder.swift */ = {isa = PBXFileReference; lastKnownFileType = sourcecode.swift; path = OnboardingBuilder.swift; sourceTree = "<group>"; };
		8493DC39272B001D00FBE8BD /* Extension + View.swift */ = {isa = PBXFileReference; lastKnownFileType = sourcecode.swift; path = "Extension + View.swift"; sourceTree = "<group>"; };
		8493DC3B272B003800FBE8BD /* Extension + ViewController.swift */ = {isa = PBXFileReference; lastKnownFileType = sourcecode.swift; path = "Extension + ViewController.swift"; sourceTree = "<group>"; };
		84B5847E273916B0005EA2A4 /* BrewItemView.swift */ = {isa = PBXFileReference; lastKnownFileType = sourcecode.swift; path = BrewItemView.swift; sourceTree = "<group>"; };
		84B58480273916C2005EA2A4 /* BrewItemViewController.swift */ = {isa = PBXFileReference; lastKnownFileType = sourcecode.swift; path = BrewItemViewController.swift; sourceTree = "<group>"; };
		84B58482273916CC005EA2A4 /* BrewItemPresenter.swift */ = {isa = PBXFileReference; lastKnownFileType = sourcecode.swift; path = BrewItemPresenter.swift; sourceTree = "<group>"; };
		84B5848427393635005EA2A4 /* GoogleService-Info.plist */ = {isa = PBXFileReference; fileEncoding = 4; lastKnownFileType = text.plist.xml; path = "GoogleService-Info.plist"; sourceTree = "<group>"; };
		84CDFB4B2742374D0006A666 /* OnboardingView.swift */ = {isa = PBXFileReference; fileEncoding = 4; lastKnownFileType = sourcecode.swift; path = OnboardingView.swift; sourceTree = "<group>"; };
		84CDFB4D274239ED0006A666 /* AuthEnums.swift */ = {isa = PBXFileReference; lastKnownFileType = sourcecode.swift; path = AuthEnums.swift; sourceTree = "<group>"; };
		84D5D91E274E74F700C6091B /* AuthWithOTPView.swift */ = {isa = PBXFileReference; lastKnownFileType = sourcecode.swift; path = AuthWithOTPView.swift; sourceTree = "<group>"; };
		84D5D920274E750900C6091B /* AuthWithOTPViewController.swift */ = {isa = PBXFileReference; lastKnownFileType = sourcecode.swift; path = AuthWithOTPViewController.swift; sourceTree = "<group>"; };
		84D5D922274E751700C6091B /* AuthWithOTPPresenter.swift */ = {isa = PBXFileReference; lastKnownFileType = sourcecode.swift; path = AuthWithOTPPresenter.swift; sourceTree = "<group>"; };
		84E3523F2744E6AC00857289 /* AuthViewModel.swift */ = {isa = PBXFileReference; lastKnownFileType = sourcecode.swift; path = AuthViewModel.swift; sourceTree = "<group>"; };
		84E43B3D273A5E3C0008E8AD /* User.swift */ = {isa = PBXFileReference; lastKnownFileType = sourcecode.swift; path = User.swift; sourceTree = "<group>"; };
		84E43B40273A5E690008E8AD /* DB.swift */ = {isa = PBXFileReference; lastKnownFileType = sourcecode.swift; path = DB.swift; sourceTree = "<group>"; };
		84E43B42273A5EB50008E8AD /* DataFetcher.swift */ = {isa = PBXFileReference; lastKnownFileType = sourcecode.swift; path = DataFetcher.swift; sourceTree = "<group>"; };
		84E43B44273A5EC80008E8AD /* DataUploader.swift */ = {isa = PBXFileReference; lastKnownFileType = sourcecode.swift; path = DataUploader.swift; sourceTree = "<group>"; };
		84E43B46273A5EE00008E8AD /* AuthService.swift */ = {isa = PBXFileReference; lastKnownFileType = sourcecode.swift; path = AuthService.swift; sourceTree = "<group>"; };
		84E43B48273A5F010008E8AD /* FirebaseService.swift */ = {isa = PBXFileReference; lastKnownFileType = sourcecode.swift; path = FirebaseService.swift; sourceTree = "<group>"; };
/* End PBXFileReference section */

/* Begin PBXFrameworksBuildPhase section */
		847A4E722729895A00539CD2 /* Frameworks */ = {
			isa = PBXFrameworksBuildPhase;
			buildActionMask = 2147483647;
			files = (
				84845E3E274D427D005F97D5 /* FirebaseDatabase in Frameworks */,
				84845E42274D427D005F97D5 /* FirebaseStorage in Frameworks */,
				84845E3C274D427D005F97D5 /* FirebaseAuth in Frameworks */,
				84845E40274D427D005F97D5 /* FirebaseFirestore in Frameworks */,
				84845E48274D44A1005F97D5 /* GoogleSignIn in Frameworks */,
			);
			runOnlyForDeploymentPostprocessing = 0;
		};
		847A4E882729895B00539CD2 /* Frameworks */ = {
			isa = PBXFrameworksBuildPhase;
			buildActionMask = 2147483647;
			files = (
			);
			runOnlyForDeploymentPostprocessing = 0;
		};
		847A4E922729895B00539CD2 /* Frameworks */ = {
			isa = PBXFrameworksBuildPhase;
			buildActionMask = 2147483647;
			files = (
			);
			runOnlyForDeploymentPostprocessing = 0;
		};
/* End PBXFrameworksBuildPhase section */

/* Begin PBXGroup section */
		840D6A2F272BE935007E4FD7 /* Router */ = {
			isa = PBXGroup;
			children = (
				840D6A2D272BE914007E4FD7 /* RouterProtocols.swift */,
				8493DC2C272ADD8400FBE8BD /* Router.swift */,
			);
			path = Router;
			sourceTree = "<group>";
		};
		840D6A32272BFC1F007E4FD7 /* Profile */ = {
			isa = PBXGroup;
			children = (
				840D6A3C272BFD6B007E4FD7 /* ProfileViewController.swift */,
				840D6A3E272BFD77007E4FD7 /* ProfilePresenter.swift */,
			);
			path = Profile;
			sourceTree = "<group>";
		};
		840D6A33272BFC2E007E4FD7 /* History */ = {
			isa = PBXGroup;
			children = (
				840D6A40272BFD91007E4FD7 /* History */,
				840D6A41272BFDB9007E4FD7 /* DetailHistory */,
			);
			path = History;
			sourceTree = "<group>";
		};
		840D6A40272BFD91007E4FD7 /* History */ = {
			isa = PBXGroup;
			children = (
				840D6A36272BFD3A007E4FD7 /* HistoryView.swift */,
				840D6A34272BFD2C007E4FD7 /* HistoryViewController.swift */,
				840D6A38272BFD4F007E4FD7 /* HistoryPresenter.swift */,
			);
			path = History;
			sourceTree = "<group>";
		};
		840D6A41272BFDB9007E4FD7 /* DetailHistory */ = {
			isa = PBXGroup;
			children = (
				840D6A44272BFDE5007E4FD7 /* DetailHistoryView.swift */,
				840D6A42272BFDD9007E4FD7 /* DetailHistoryViewController.swift */,
				840D6A46272BFE0E007E4FD7 /* DetailHistoryPresenter.swift */,
			);
			path = DetailHistory;
			sourceTree = "<group>";
		};
		84264DD92745872600CFBF7D /* AuthWithEmail */ = {
			isa = PBXGroup;
			children = (
				84264DD42745764B00CFBF7D /* AuthWithEmailView.swift */,
				84264DDA27458C2200CFBF7D /* AuthWithEmailViewController.swift */,
				84264DDC27458C3300CFBF7D /* AuthWithEmailPresenter.swift */,
			);
			path = AuthWithEmail;
			sourceTree = "<group>";
		};
		842DF82F2743863F00275554 /* UI */ = {
			isa = PBXGroup;
			children = (
				842DF8302743865300275554 /* Components */,
			);
			path = UI;
			sourceTree = "<group>";
		};
		842DF8302743865300275554 /* Components */ = {
			isa = PBXGroup;
			children = (
				842DF8312743866300275554 /* ActionButton.swift */,
			);
			path = Components;
			sourceTree = "<group>";
		};
		84309B922747C26500CB1023 /* CRUDService */ = {
			isa = PBXGroup;
			children = (
				84309B932747C27500CB1023 /* UserSettingsService.swift */,
			);
			path = CRUDService;
			sourceTree = "<group>";
		};
		84391B39273195F400B77E39 /* Brew */ = {
			isa = PBXGroup;
			children = (
				84391B37273182DE00B77E39 /* BrewView.swift */,
				8471D00F273126F300A28728 /* BrewViewController.swift */,
				8471D0112731273600A28728 /* BrewPresenter.swift */,
			);
			path = Brew;
			sourceTree = "<group>";
		};
		84391B3A2731960200B77E39 /* BrewConfiguration */ = {
			isa = PBXGroup;
			children = (
				84391B3D2731968600B77E39 /* BrewConfigurationView.swift */,
				84391B3F2731969B00B77E39 /* BrewConfigurationViewController.swift */,
				84391B41273196AF00B77E39 /* BrewConfigurationPresenter.swift */,
			);
			path = BrewConfiguration;
			sourceTree = "<group>";
		};
		84391B3B2731961600B77E39 /* BrewList */ = {
			isa = PBXGroup;
			children = (
				84391B452731A31500B77E39 /* BrewListView.swift */,
				84391B472731A32E00B77E39 /* BrewListViewController.swift */,
				84391B492731A34300B77E39 /* BrewListPresenter.swift */,
			);
			path = BrewList;
			sourceTree = "<group>";
		};
		8459A8412747DBF800A6A1CF /* BaseLayers */ = {
			isa = PBXGroup;
			children = (
				8459A8422747DC0B00A6A1CF /* BaseViewController.swift */,
				8459A8442747DC3D00A6A1CF /* BaseLoaderViewController.swift */,
			);
			path = BaseLayers;
			sourceTree = "<group>";
		};
		8471D00E273126C300A28728 /* Brew */ = {
			isa = PBXGroup;
			children = (
				84391B39273195F400B77E39 /* Brew */,
				84391B3A2731960200B77E39 /* BrewConfiguration */,
				84391B3B2731961600B77E39 /* BrewList */,
				84B5847D2739167C005EA2A4 /* BrewItem */,
			);
			path = Brew;
			sourceTree = "<group>";
		};
		847A4E6C2729895A00539CD2 = {
			isa = PBXGroup;
			children = (
				847A4E772729895A00539CD2 /* Brewly */,
				847A4E8E2729895B00539CD2 /* BrewlyTests */,
				847A4E982729895B00539CD2 /* BrewlyUITests */,
				847A4E762729895A00539CD2 /* Products */,
			);
			sourceTree = "<group>";
		};
		847A4E762729895A00539CD2 /* Products */ = {
			isa = PBXGroup;
			children = (
				847A4E752729895A00539CD2 /* Brewly.app */,
				847A4E8B2729895B00539CD2 /* BrewlyTests.xctest */,
				847A4E952729895B00539CD2 /* BrewlyUITests.xctest */,
			);
			name = Products;
			sourceTree = "<group>";
		};
		847A4E772729895A00539CD2 /* Brewly */ = {
			isa = PBXGroup;
			children = (
				842DF82F2743863F00275554 /* UI */,
				84E43B3C273A5E1E0008E8AD /* Model */,
				8493DC15272AC4C400FBE8BD /* Modules */,
				840D6A2F272BE935007E4FD7 /* Router */,
				8493DC38272AFFF800FBE8BD /* Utils */,
				84E43B3B273A5E020008E8AD /* Services */,
				847A4EA827298CE800539CD2 /* Core */,
			);
			path = Brewly;
			sourceTree = "<group>";
		};
		847A4E8E2729895B00539CD2 /* BrewlyTests */ = {
			isa = PBXGroup;
			children = (
				847A4E8F2729895B00539CD2 /* BrewlyTests.swift */,
			);
			path = BrewlyTests;
			sourceTree = "<group>";
		};
		847A4E982729895B00539CD2 /* BrewlyUITests */ = {
			isa = PBXGroup;
			children = (
				847A4E992729895B00539CD2 /* BrewlyUITests.swift */,
				847A4E9B2729895B00539CD2 /* BrewlyUITestsLaunchTests.swift */,
			);
			path = BrewlyUITests;
			sourceTree = "<group>";
		};
		847A4EA827298CE800539CD2 /* Core */ = {
			isa = PBXGroup;
			children = (
				8459A8412747DBF800A6A1CF /* BaseLayers */,
				847A4E782729895A00539CD2 /* AppDelegate.swift */,
				847A4E7A2729895A00539CD2 /* SceneDelegate.swift */,
				847A4E832729895B00539CD2 /* LaunchScreen.storyboard */,
				847A4E812729895B00539CD2 /* Assets.xcassets */,
				847A4E862729895B00539CD2 /* Info.plist */,
				84B5848427393635005EA2A4 /* GoogleService-Info.plist */,
			);
			path = Core;
			sourceTree = "<group>";
		};
		8493DC12272AC49300FBE8BD /* Auth */ = {
			isa = PBXGroup;
			children = (
				8493DC28272AD37700FBE8BD /* AuthBuilder.swift */,
				8493DC22272AD30500FBE8BD /* AuthView.swift */,
				84CDFB4D274239ED0006A666 /* AuthEnums.swift */,
				84E3523F2744E6AC00857289 /* AuthViewModel.swift */,
				8493DC20272AD2FB00FBE8BD /* AuthPresenter.swift */,
				8493DC1A272AC59A00FBE8BD /* SignUpViewController.swift */,
				8493DC18272AC57500FBE8BD /* LoginViewController.swift */,
				84D5D91D274E725700C6091B /* AuthWithOTP */,
				84264DD92745872600CFBF7D /* AuthWithEmail */,
			);
			path = Auth;
			sourceTree = "<group>";
		};
		8493DC13272AC4A300FBE8BD /* Onboarding */ = {
			isa = PBXGroup;
			children = (
				84CDFB4B2742374D0006A666 /* OnboardingView.swift */,
				8493DC1E272AC5EC00FBE8BD /* OnboardingViewController.swift */,
				8493DC26272AD33100FBE8BD /* OnboardingPresenter.swift */,
				8493DC2E272AE3B800FBE8BD /* OnboardingBuilder.swift */,
			);
			path = Onboarding;
			sourceTree = "<group>";
		};
		8493DC14272AC4AF00FBE8BD /* MainTabBar */ = {
			isa = PBXGroup;
			children = (
				840D6A30272BFA89007E4FD7 /* MainTabBarBuilder.swift */,
				844F5EF52730046B00989CB3 /* MainTabBarController.swift */,
			);
			path = MainTabBar;
			sourceTree = "<group>";
		};
		8493DC15272AC4C400FBE8BD /* Modules */ = {
			isa = PBXGroup;
			children = (
				8493DC12272AC49300FBE8BD /* Auth */,
				8493DC13272AC4A300FBE8BD /* Onboarding */,
				8493DC14272AC4AF00FBE8BD /* MainTabBar */,
				840D6A33272BFC2E007E4FD7 /* History */,
				8471D00E273126C300A28728 /* Brew */,
				840D6A32272BFC1F007E4FD7 /* Profile */,
			);
			path = Modules;
			sourceTree = "<group>";
		};
		8493DC38272AFFF800FBE8BD /* Utils */ = {
			isa = PBXGroup;
			children = (
				84391B4327319AA300B77E39 /* Extensions.swift */,
				8493DC39272B001D00FBE8BD /* Extension + View.swift */,
				8493DC3B272B003800FBE8BD /* Extension + ViewController.swift */,
				840D6A2B272BDF0C007E4FD7 /* Enums.swift */,
				8459A83F2747CB1A00A6A1CF /* DependencyManager.swift */,
			);
			path = Utils;
			sourceTree = "<group>";
		};
		84B5847D2739167C005EA2A4 /* BrewItem */ = {
			isa = PBXGroup;
			children = (
				84B5847E273916B0005EA2A4 /* BrewItemView.swift */,
				84B58480273916C2005EA2A4 /* BrewItemViewController.swift */,
				84B58482273916CC005EA2A4 /* BrewItemPresenter.swift */,
			);
			path = BrewItem;
			sourceTree = "<group>";
		};
		84D5D91D274E725700C6091B /* AuthWithOTP */ = {
			isa = PBXGroup;
			children = (
				84D5D91E274E74F700C6091B /* AuthWithOTPView.swift */,
				84D5D920274E750900C6091B /* AuthWithOTPViewController.swift */,
				84D5D922274E751700C6091B /* AuthWithOTPPresenter.swift */,
			);
			path = AuthWithOTP;
			sourceTree = "<group>";
		};
		84E43B3B273A5E020008E8AD /* Services */ = {
			isa = PBXGroup;
			children = (
				84309B922747C26500CB1023 /* CRUDService */,
				84E43B3F273A5E570008E8AD /* NetworkService */,
			);
			path = Services;
			sourceTree = "<group>";
		};
		84E43B3C273A5E1E0008E8AD /* Model */ = {
			isa = PBXGroup;
			children = (
				84E43B3D273A5E3C0008E8AD /* User.swift */,
				84309B902747BBD400CB1023 /* UserSettings.swift */,
			);
			path = Model;
			sourceTree = "<group>";
		};
		84E43B3F273A5E570008E8AD /* NetworkService */ = {
			isa = PBXGroup;
			children = (
				84E43B40273A5E690008E8AD /* DB.swift */,
				84E43B42273A5EB50008E8AD /* DataFetcher.swift */,
				84E43B44273A5EC80008E8AD /* DataUploader.swift */,
				84E43B46273A5EE00008E8AD /* AuthService.swift */,
				84E43B48273A5F010008E8AD /* FirebaseService.swift */,
			);
			path = NetworkService;
			sourceTree = "<group>";
		};
/* End PBXGroup section */

/* Begin PBXNativeTarget section */
		847A4E742729895A00539CD2 /* Brewly */ = {
			isa = PBXNativeTarget;
			buildConfigurationList = 847A4E9F2729895B00539CD2 /* Build configuration list for PBXNativeTarget "Brewly" */;
			buildPhases = (
				847A4E712729895A00539CD2 /* Sources */,
				847A4E722729895A00539CD2 /* Frameworks */,
				847A4E732729895A00539CD2 /* Resources */,
			);
			buildRules = (
			);
			dependencies = (
			);
			name = Brewly;
			packageProductDependencies = (
				84845E3B274D427D005F97D5 /* FirebaseAuth */,
				84845E3D274D427D005F97D5 /* FirebaseDatabase */,
				84845E3F274D427D005F97D5 /* FirebaseFirestore */,
				84845E41274D427D005F97D5 /* FirebaseStorage */,
				84845E47274D44A1005F97D5 /* GoogleSignIn */,
			);
			productName = Brewly;
			productReference = 847A4E752729895A00539CD2 /* Brewly.app */;
			productType = "com.apple.product-type.application";
		};
		847A4E8A2729895B00539CD2 /* BrewlyTests */ = {
			isa = PBXNativeTarget;
			buildConfigurationList = 847A4EA22729895B00539CD2 /* Build configuration list for PBXNativeTarget "BrewlyTests" */;
			buildPhases = (
				847A4E872729895B00539CD2 /* Sources */,
				847A4E882729895B00539CD2 /* Frameworks */,
				847A4E892729895B00539CD2 /* Resources */,
			);
			buildRules = (
			);
			dependencies = (
				847A4E8D2729895B00539CD2 /* PBXTargetDependency */,
			);
			name = BrewlyTests;
			productName = BrewlyTests;
			productReference = 847A4E8B2729895B00539CD2 /* BrewlyTests.xctest */;
			productType = "com.apple.product-type.bundle.unit-test";
		};
		847A4E942729895B00539CD2 /* BrewlyUITests */ = {
			isa = PBXNativeTarget;
			buildConfigurationList = 847A4EA52729895B00539CD2 /* Build configuration list for PBXNativeTarget "BrewlyUITests" */;
			buildPhases = (
				847A4E912729895B00539CD2 /* Sources */,
				847A4E922729895B00539CD2 /* Frameworks */,
				847A4E932729895B00539CD2 /* Resources */,
			);
			buildRules = (
			);
			dependencies = (
				847A4E972729895B00539CD2 /* PBXTargetDependency */,
			);
			name = BrewlyUITests;
			productName = BrewlyUITests;
			productReference = 847A4E952729895B00539CD2 /* BrewlyUITests.xctest */;
			productType = "com.apple.product-type.bundle.ui-testing";
		};
/* End PBXNativeTarget section */

/* Begin PBXProject section */
		847A4E6D2729895A00539CD2 /* Project object */ = {
			isa = PBXProject;
			attributes = {
				BuildIndependentTargetsInParallel = 1;
				LastSwiftUpdateCheck = 1300;
				LastUpgradeCheck = 1300;
				TargetAttributes = {
					847A4E742729895A00539CD2 = {
						CreatedOnToolsVersion = 13.0;
					};
					847A4E8A2729895B00539CD2 = {
						CreatedOnToolsVersion = 13.0;
						TestTargetID = 847A4E742729895A00539CD2;
					};
					847A4E942729895B00539CD2 = {
						CreatedOnToolsVersion = 13.0;
						TestTargetID = 847A4E742729895A00539CD2;
					};
				};
			};
			buildConfigurationList = 847A4E702729895A00539CD2 /* Build configuration list for PBXProject "Brewly" */;
			compatibilityVersion = "Xcode 13.0";
			developmentRegion = en;
			hasScannedForEncodings = 0;
			knownRegions = (
				en,
				Base,
			);
			mainGroup = 847A4E6C2729895A00539CD2;
			packageReferences = (
				84845E3A274D427D005F97D5 /* XCRemoteSwiftPackageReference "firebase-ios-sdk" */,
				84845E46274D44A0005F97D5 /* XCRemoteSwiftPackageReference "GoogleSignIn-iOS" */,
			);
			productRefGroup = 847A4E762729895A00539CD2 /* Products */;
			projectDirPath = "";
			projectRoot = "";
			targets = (
				847A4E742729895A00539CD2 /* Brewly */,
				847A4E8A2729895B00539CD2 /* BrewlyTests */,
				847A4E942729895B00539CD2 /* BrewlyUITests */,
			);
		};
/* End PBXProject section */

/* Begin PBXResourcesBuildPhase section */
		847A4E732729895A00539CD2 /* Resources */ = {
			isa = PBXResourcesBuildPhase;
			buildActionMask = 2147483647;
			files = (
				847A4E852729895B00539CD2 /* LaunchScreen.storyboard in Resources */,
				847A4E822729895B00539CD2 /* Assets.xcassets in Resources */,
				84B5848527393635005EA2A4 /* GoogleService-Info.plist in Resources */,
			);
			runOnlyForDeploymentPostprocessing = 0;
		};
		847A4E892729895B00539CD2 /* Resources */ = {
			isa = PBXResourcesBuildPhase;
			buildActionMask = 2147483647;
			files = (
			);
			runOnlyForDeploymentPostprocessing = 0;
		};
		847A4E932729895B00539CD2 /* Resources */ = {
			isa = PBXResourcesBuildPhase;
			buildActionMask = 2147483647;
			files = (
			);
			runOnlyForDeploymentPostprocessing = 0;
		};
/* End PBXResourcesBuildPhase section */

/* Begin PBXSourcesBuildPhase section */
		847A4E712729895A00539CD2 /* Sources */ = {
			isa = PBXSourcesBuildPhase;
			buildActionMask = 2147483647;
			files = (
				84391B462731A31500B77E39 /* BrewListView.swift in Sources */,
				8493DC1B272AC59A00FBE8BD /* SignUpViewController.swift in Sources */,
				8493DC1F272AC5EC00FBE8BD /* OnboardingViewController.swift in Sources */,
				84B58481273916C2005EA2A4 /* BrewItemViewController.swift in Sources */,
				840D6A3F272BFD77007E4FD7 /* ProfilePresenter.swift in Sources */,
				8459A8432747DC0B00A6A1CF /* BaseViewController.swift in Sources */,
				84CDFB4E274239ED0006A666 /* AuthEnums.swift in Sources */,
				840D6A35272BFD2C007E4FD7 /* HistoryViewController.swift in Sources */,
				8493DC21272AD2FC00FBE8BD /* AuthPresenter.swift in Sources */,
				8493DC29272AD37700FBE8BD /* AuthBuilder.swift in Sources */,
				84391B402731969B00B77E39 /* BrewConfigurationViewController.swift in Sources */,
				84E43B49273A5F010008E8AD /* FirebaseService.swift in Sources */,
				840D6A37272BFD3A007E4FD7 /* HistoryView.swift in Sources */,
				84391B482731A32E00B77E39 /* BrewListViewController.swift in Sources */,
				84309B942747C27500CB1023 /* UserSettingsService.swift in Sources */,
				84E43B47273A5EE00008E8AD /* AuthService.swift in Sources */,
				8493DC3C272B003800FBE8BD /* Extension + ViewController.swift in Sources */,
				84264DD52745764B00CFBF7D /* AuthWithEmailView.swift in Sources */,
				84E43B43273A5EB50008E8AD /* DataFetcher.swift in Sources */,
				84391B4A2731A34300B77E39 /* BrewListPresenter.swift in Sources */,
				844F5EF62730046B00989CB3 /* MainTabBarController.swift in Sources */,
				84391B38273182DE00B77E39 /* BrewView.swift in Sources */,
				84E352402744E6AC00857289 /* AuthViewModel.swift in Sources */,
				8471D010273126F300A28728 /* BrewViewController.swift in Sources */,
				84264DDD27458C3300CFBF7D /* AuthWithEmailPresenter.swift in Sources */,
				84309B912747BBD400CB1023 /* UserSettings.swift in Sources */,
				847A4E792729895A00539CD2 /* AppDelegate.swift in Sources */,
				84E43B3E273A5E3C0008E8AD /* User.swift in Sources */,
				8493DC19272AC57500FBE8BD /* LoginViewController.swift in Sources */,
				84391B42273196AF00B77E39 /* BrewConfigurationPresenter.swift in Sources */,
				84264DDB27458C2200CFBF7D /* AuthWithEmailViewController.swift in Sources */,
				840D6A39272BFD4F007E4FD7 /* HistoryPresenter.swift in Sources */,
				8493DC27272AD33100FBE8BD /* OnboardingPresenter.swift in Sources */,
				8459A8402747CB1A00A6A1CF /* DependencyManager.swift in Sources */,
				8493DC3A272B001D00FBE8BD /* Extension + View.swift in Sources */,
				8493DC23272AD30500FBE8BD /* AuthView.swift in Sources */,
				840D6A2E272BE914007E4FD7 /* RouterProtocols.swift in Sources */,
				84B58483273916CC005EA2A4 /* BrewItemPresenter.swift in Sources */,
				840D6A43272BFDD9007E4FD7 /* DetailHistoryViewController.swift in Sources */,
				840D6A45272BFDE5007E4FD7 /* DetailHistoryView.swift in Sources */,
				8459A8452747DC3D00A6A1CF /* BaseLoaderViewController.swift in Sources */,
				8493DC2F272AE3B800FBE8BD /* OnboardingBuilder.swift in Sources */,
				8493DC37272AFF2600FBE8BD /* (null) in Sources */,
				847A4E7B2729895A00539CD2 /* SceneDelegate.swift in Sources */,
				84B5847F273916B0005EA2A4 /* BrewItemView.swift in Sources */,
				840D6A31272BFA89007E4FD7 /* MainTabBarBuilder.swift in Sources */,
				84D5D91F274E74F700C6091B /* AuthWithOTPView.swift in Sources */,
				84CDFB4C2742374D0006A666 /* OnboardingView.swift in Sources */,
				8471D0122731273600A28728 /* BrewPresenter.swift in Sources */,
				840D6A47272BFE0E007E4FD7 /* DetailHistoryPresenter.swift in Sources */,
				84D5D923274E751700C6091B /* AuthWithOTPPresenter.swift in Sources */,
				8493DC2D272ADD8400FBE8BD /* Router.swift in Sources */,
				84D5D921274E750900C6091B /* AuthWithOTPViewController.swift in Sources */,
				840D6A2C272BDF0C007E4FD7 /* Enums.swift in Sources */,
				84E43B45273A5EC80008E8AD /* DataUploader.swift in Sources */,
				84391B4427319AA300B77E39 /* Extensions.swift in Sources */,
				84391B3E2731968600B77E39 /* BrewConfigurationView.swift in Sources */,
				840D6A3D272BFD6B007E4FD7 /* ProfileViewController.swift in Sources */,
				84E43B41273A5E690008E8AD /* DB.swift in Sources */,
				842DF8322743866300275554 /* ActionButton.swift in Sources */,
			);
			runOnlyForDeploymentPostprocessing = 0;
		};
		847A4E872729895B00539CD2 /* Sources */ = {
			isa = PBXSourcesBuildPhase;
			buildActionMask = 2147483647;
			files = (
				847A4E902729895B00539CD2 /* BrewlyTests.swift in Sources */,
			);
			runOnlyForDeploymentPostprocessing = 0;
		};
		847A4E912729895B00539CD2 /* Sources */ = {
			isa = PBXSourcesBuildPhase;
			buildActionMask = 2147483647;
			files = (
				847A4E9A2729895B00539CD2 /* BrewlyUITests.swift in Sources */,
				847A4E9C2729895B00539CD2 /* BrewlyUITestsLaunchTests.swift in Sources */,
			);
			runOnlyForDeploymentPostprocessing = 0;
		};
/* End PBXSourcesBuildPhase section */

/* Begin PBXTargetDependency section */
		847A4E8D2729895B00539CD2 /* PBXTargetDependency */ = {
			isa = PBXTargetDependency;
			target = 847A4E742729895A00539CD2 /* Brewly */;
			targetProxy = 847A4E8C2729895B00539CD2 /* PBXContainerItemProxy */;
		};
		847A4E972729895B00539CD2 /* PBXTargetDependency */ = {
			isa = PBXTargetDependency;
			target = 847A4E742729895A00539CD2 /* Brewly */;
			targetProxy = 847A4E962729895B00539CD2 /* PBXContainerItemProxy */;
		};
/* End PBXTargetDependency section */

/* Begin PBXVariantGroup section */
		847A4E832729895B00539CD2 /* LaunchScreen.storyboard */ = {
			isa = PBXVariantGroup;
			children = (
				847A4E842729895B00539CD2 /* Base */,
			);
			name = LaunchScreen.storyboard;
			sourceTree = "<group>";
		};
/* End PBXVariantGroup section */

/* Begin XCBuildConfiguration section */
		847A4E9D2729895B00539CD2 /* Debug */ = {
			isa = XCBuildConfiguration;
			buildSettings = {
				ALWAYS_SEARCH_USER_PATHS = NO;
				CLANG_ANALYZER_NONNULL = YES;
				CLANG_ANALYZER_NUMBER_OBJECT_CONVERSION = YES_AGGRESSIVE;
				CLANG_CXX_LANGUAGE_STANDARD = "gnu++17";
				CLANG_CXX_LIBRARY = "libc++";
				CLANG_ENABLE_MODULES = YES;
				CLANG_ENABLE_OBJC_ARC = YES;
				CLANG_ENABLE_OBJC_WEAK = YES;
				CLANG_WARN_BLOCK_CAPTURE_AUTORELEASING = YES;
				CLANG_WARN_BOOL_CONVERSION = YES;
				CLANG_WARN_COMMA = YES;
				CLANG_WARN_CONSTANT_CONVERSION = YES;
				CLANG_WARN_DEPRECATED_OBJC_IMPLEMENTATIONS = YES;
				CLANG_WARN_DIRECT_OBJC_ISA_USAGE = YES_ERROR;
				CLANG_WARN_DOCUMENTATION_COMMENTS = YES;
				CLANG_WARN_EMPTY_BODY = YES;
				CLANG_WARN_ENUM_CONVERSION = YES;
				CLANG_WARN_INFINITE_RECURSION = YES;
				CLANG_WARN_INT_CONVERSION = YES;
				CLANG_WARN_NON_LITERAL_NULL_CONVERSION = YES;
				CLANG_WARN_OBJC_IMPLICIT_RETAIN_SELF = YES;
				CLANG_WARN_OBJC_LITERAL_CONVERSION = YES;
				CLANG_WARN_OBJC_ROOT_CLASS = YES_ERROR;
				CLANG_WARN_QUOTED_INCLUDE_IN_FRAMEWORK_HEADER = YES;
				CLANG_WARN_RANGE_LOOP_ANALYSIS = YES;
				CLANG_WARN_STRICT_PROTOTYPES = YES;
				CLANG_WARN_SUSPICIOUS_MOVE = YES;
				CLANG_WARN_UNGUARDED_AVAILABILITY = YES_AGGRESSIVE;
				CLANG_WARN_UNREACHABLE_CODE = YES;
				CLANG_WARN__DUPLICATE_METHOD_MATCH = YES;
				COPY_PHASE_STRIP = NO;
				DEBUG_INFORMATION_FORMAT = dwarf;
				ENABLE_STRICT_OBJC_MSGSEND = YES;
				ENABLE_TESTABILITY = YES;
				GCC_C_LANGUAGE_STANDARD = gnu11;
				GCC_DYNAMIC_NO_PIC = NO;
				GCC_NO_COMMON_BLOCKS = YES;
				GCC_OPTIMIZATION_LEVEL = 0;
				GCC_PREPROCESSOR_DEFINITIONS = (
					"DEBUG=1",
					"$(inherited)",
				);
				GCC_WARN_64_TO_32_BIT_CONVERSION = YES;
				GCC_WARN_ABOUT_RETURN_TYPE = YES_ERROR;
				GCC_WARN_UNDECLARED_SELECTOR = YES;
				GCC_WARN_UNINITIALIZED_AUTOS = YES_AGGRESSIVE;
				GCC_WARN_UNUSED_FUNCTION = YES;
				GCC_WARN_UNUSED_VARIABLE = YES;
				IPHONEOS_DEPLOYMENT_TARGET = 15.0;
				MTL_ENABLE_DEBUG_INFO = INCLUDE_SOURCE;
				MTL_FAST_MATH = YES;
				ONLY_ACTIVE_ARCH = YES;
				SDKROOT = iphoneos;
				SWIFT_ACTIVE_COMPILATION_CONDITIONS = DEBUG;
				SWIFT_OPTIMIZATION_LEVEL = "-Onone";
			};
			name = Debug;
		};
		847A4E9E2729895B00539CD2 /* Release */ = {
			isa = XCBuildConfiguration;
			buildSettings = {
				ALWAYS_SEARCH_USER_PATHS = NO;
				CLANG_ANALYZER_NONNULL = YES;
				CLANG_ANALYZER_NUMBER_OBJECT_CONVERSION = YES_AGGRESSIVE;
				CLANG_CXX_LANGUAGE_STANDARD = "gnu++17";
				CLANG_CXX_LIBRARY = "libc++";
				CLANG_ENABLE_MODULES = YES;
				CLANG_ENABLE_OBJC_ARC = YES;
				CLANG_ENABLE_OBJC_WEAK = YES;
				CLANG_WARN_BLOCK_CAPTURE_AUTORELEASING = YES;
				CLANG_WARN_BOOL_CONVERSION = YES;
				CLANG_WARN_COMMA = YES;
				CLANG_WARN_CONSTANT_CONVERSION = YES;
				CLANG_WARN_DEPRECATED_OBJC_IMPLEMENTATIONS = YES;
				CLANG_WARN_DIRECT_OBJC_ISA_USAGE = YES_ERROR;
				CLANG_WARN_DOCUMENTATION_COMMENTS = YES;
				CLANG_WARN_EMPTY_BODY = YES;
				CLANG_WARN_ENUM_CONVERSION = YES;
				CLANG_WARN_INFINITE_RECURSION = YES;
				CLANG_WARN_INT_CONVERSION = YES;
				CLANG_WARN_NON_LITERAL_NULL_CONVERSION = YES;
				CLANG_WARN_OBJC_IMPLICIT_RETAIN_SELF = YES;
				CLANG_WARN_OBJC_LITERAL_CONVERSION = YES;
				CLANG_WARN_OBJC_ROOT_CLASS = YES_ERROR;
				CLANG_WARN_QUOTED_INCLUDE_IN_FRAMEWORK_HEADER = YES;
				CLANG_WARN_RANGE_LOOP_ANALYSIS = YES;
				CLANG_WARN_STRICT_PROTOTYPES = YES;
				CLANG_WARN_SUSPICIOUS_MOVE = YES;
				CLANG_WARN_UNGUARDED_AVAILABILITY = YES_AGGRESSIVE;
				CLANG_WARN_UNREACHABLE_CODE = YES;
				CLANG_WARN__DUPLICATE_METHOD_MATCH = YES;
				COPY_PHASE_STRIP = NO;
				DEBUG_INFORMATION_FORMAT = "dwarf-with-dsym";
				ENABLE_NS_ASSERTIONS = NO;
				ENABLE_STRICT_OBJC_MSGSEND = YES;
				GCC_C_LANGUAGE_STANDARD = gnu11;
				GCC_NO_COMMON_BLOCKS = YES;
				GCC_WARN_64_TO_32_BIT_CONVERSION = YES;
				GCC_WARN_ABOUT_RETURN_TYPE = YES_ERROR;
				GCC_WARN_UNDECLARED_SELECTOR = YES;
				GCC_WARN_UNINITIALIZED_AUTOS = YES_AGGRESSIVE;
				GCC_WARN_UNUSED_FUNCTION = YES;
				GCC_WARN_UNUSED_VARIABLE = YES;
				IPHONEOS_DEPLOYMENT_TARGET = 15.0;
				MTL_ENABLE_DEBUG_INFO = NO;
				MTL_FAST_MATH = YES;
				SDKROOT = iphoneos;
				SWIFT_COMPILATION_MODE = wholemodule;
				SWIFT_OPTIMIZATION_LEVEL = "-O";
				VALIDATE_PRODUCT = YES;
			};
			name = Release;
		};
		847A4EA02729895B00539CD2 /* Debug */ = {
			isa = XCBuildConfiguration;
			buildSettings = {
				ASSETCATALOG_COMPILER_APPICON_NAME = AppIcon;
				ASSETCATALOG_COMPILER_GLOBAL_ACCENT_COLOR_NAME = AccentColor;
				CODE_SIGN_STYLE = Automatic;
				CURRENT_PROJECT_VERSION = 1;
				DEVELOPMENT_TEAM = 245L36N25P;
				GENERATE_INFOPLIST_FILE = YES;
				INFOPLIST_FILE = Brewly/Core/Info.plist;
				INFOPLIST_KEY_UIApplicationSupportsIndirectInputEvents = YES;
				INFOPLIST_KEY_UILaunchStoryboardName = LaunchScreen;
				INFOPLIST_KEY_UISupportedInterfaceOrientations_iPad = "UIInterfaceOrientationPortrait UIInterfaceOrientationPortraitUpsideDown UIInterfaceOrientationLandscapeLeft UIInterfaceOrientationLandscapeRight";
				INFOPLIST_KEY_UISupportedInterfaceOrientations_iPhone = "UIInterfaceOrientationPortrait UIInterfaceOrientationLandscapeLeft UIInterfaceOrientationLandscapeRight";
				LD_RUNPATH_SEARCH_PATHS = (
					"$(inherited)",
					"@executable_path/Frameworks",
				);
				MARKETING_VERSION = 1.0;
				PRODUCT_BUNDLE_IDENTIFIER = com.drogonov.brewly;
				PRODUCT_NAME = "$(TARGET_NAME)";
				SWIFT_EMIT_LOC_STRINGS = YES;
				SWIFT_VERSION = 5.0;
				TARGETED_DEVICE_FAMILY = "1,2";
			};
			name = Debug;
		};
		847A4EA12729895B00539CD2 /* Release */ = {
			isa = XCBuildConfiguration;
			buildSettings = {
				ASSETCATALOG_COMPILER_APPICON_NAME = AppIcon;
				ASSETCATALOG_COMPILER_GLOBAL_ACCENT_COLOR_NAME = AccentColor;
				CODE_SIGN_STYLE = Automatic;
				CURRENT_PROJECT_VERSION = 1;
				DEVELOPMENT_TEAM = 245L36N25P;
				GENERATE_INFOPLIST_FILE = YES;
				INFOPLIST_FILE = Brewly/Core/Info.plist;
				INFOPLIST_KEY_UIApplicationSupportsIndirectInputEvents = YES;
				INFOPLIST_KEY_UILaunchStoryboardName = LaunchScreen;
				INFOPLIST_KEY_UISupportedInterfaceOrientations_iPad = "UIInterfaceOrientationPortrait UIInterfaceOrientationPortraitUpsideDown UIInterfaceOrientationLandscapeLeft UIInterfaceOrientationLandscapeRight";
				INFOPLIST_KEY_UISupportedInterfaceOrientations_iPhone = "UIInterfaceOrientationPortrait UIInterfaceOrientationLandscapeLeft UIInterfaceOrientationLandscapeRight";
				LD_RUNPATH_SEARCH_PATHS = (
					"$(inherited)",
					"@executable_path/Frameworks",
				);
				MARKETING_VERSION = 1.0;
				PRODUCT_BUNDLE_IDENTIFIER = com.drogonov.brewly;
				PRODUCT_NAME = "$(TARGET_NAME)";
				SWIFT_EMIT_LOC_STRINGS = YES;
				SWIFT_VERSION = 5.0;
				TARGETED_DEVICE_FAMILY = "1,2";
			};
			name = Release;
		};
		847A4EA32729895B00539CD2 /* Debug */ = {
			isa = XCBuildConfiguration;
			buildSettings = {
				ALWAYS_EMBED_SWIFT_STANDARD_LIBRARIES = YES;
				BUNDLE_LOADER = "$(TEST_HOST)";
				CODE_SIGN_STYLE = Automatic;
				CURRENT_PROJECT_VERSION = 1;
				DEVELOPMENT_TEAM = 245L36N25P;
				GENERATE_INFOPLIST_FILE = YES;
				IPHONEOS_DEPLOYMENT_TARGET = 15.0;
				LD_RUNPATH_SEARCH_PATHS = (
					"$(inherited)",
					"@executable_path/Frameworks",
					"@loader_path/Frameworks",
				);
				MARKETING_VERSION = 1.0;
				PRODUCT_BUNDLE_IDENTIFIER = Drogonov.BrewlyTests;
				PRODUCT_NAME = "$(TARGET_NAME)";
				SWIFT_EMIT_LOC_STRINGS = NO;
				SWIFT_VERSION = 5.0;
				TARGETED_DEVICE_FAMILY = "1,2";
				TEST_HOST = "$(BUILT_PRODUCTS_DIR)/Brewly.app/Brewly";
			};
			name = Debug;
		};
		847A4EA42729895B00539CD2 /* Release */ = {
			isa = XCBuildConfiguration;
			buildSettings = {
				ALWAYS_EMBED_SWIFT_STANDARD_LIBRARIES = YES;
				BUNDLE_LOADER = "$(TEST_HOST)";
				CODE_SIGN_STYLE = Automatic;
				CURRENT_PROJECT_VERSION = 1;
				DEVELOPMENT_TEAM = 245L36N25P;
				GENERATE_INFOPLIST_FILE = YES;
				IPHONEOS_DEPLOYMENT_TARGET = 15.0;
				LD_RUNPATH_SEARCH_PATHS = (
					"$(inherited)",
					"@executable_path/Frameworks",
					"@loader_path/Frameworks",
				);
				MARKETING_VERSION = 1.0;
				PRODUCT_BUNDLE_IDENTIFIER = Drogonov.BrewlyTests;
				PRODUCT_NAME = "$(TARGET_NAME)";
				SWIFT_EMIT_LOC_STRINGS = NO;
				SWIFT_VERSION = 5.0;
				TARGETED_DEVICE_FAMILY = "1,2";
				TEST_HOST = "$(BUILT_PRODUCTS_DIR)/Brewly.app/Brewly";
			};
			name = Release;
		};
		847A4EA62729895B00539CD2 /* Debug */ = {
			isa = XCBuildConfiguration;
			buildSettings = {
				ALWAYS_EMBED_SWIFT_STANDARD_LIBRARIES = YES;
				CODE_SIGN_STYLE = Automatic;
				CURRENT_PROJECT_VERSION = 1;
				DEVELOPMENT_TEAM = 245L36N25P;
				GENERATE_INFOPLIST_FILE = YES;
				LD_RUNPATH_SEARCH_PATHS = (
					"$(inherited)",
					"@executable_path/Frameworks",
					"@loader_path/Frameworks",
				);
				MARKETING_VERSION = 1.0;
				PRODUCT_BUNDLE_IDENTIFIER = Drogonov.BrewlyUITests;
				PRODUCT_NAME = "$(TARGET_NAME)";
				SWIFT_EMIT_LOC_STRINGS = NO;
				SWIFT_VERSION = 5.0;
				TARGETED_DEVICE_FAMILY = "1,2";
				TEST_TARGET_NAME = Brewly;
			};
			name = Debug;
		};
		847A4EA72729895B00539CD2 /* Release */ = {
			isa = XCBuildConfiguration;
			buildSettings = {
				ALWAYS_EMBED_SWIFT_STANDARD_LIBRARIES = YES;
				CODE_SIGN_STYLE = Automatic;
				CURRENT_PROJECT_VERSION = 1;
				DEVELOPMENT_TEAM = 245L36N25P;
				GENERATE_INFOPLIST_FILE = YES;
				LD_RUNPATH_SEARCH_PATHS = (
					"$(inherited)",
					"@executable_path/Frameworks",
					"@loader_path/Frameworks",
				);
				MARKETING_VERSION = 1.0;
				PRODUCT_BUNDLE_IDENTIFIER = Drogonov.BrewlyUITests;
				PRODUCT_NAME = "$(TARGET_NAME)";
				SWIFT_EMIT_LOC_STRINGS = NO;
				SWIFT_VERSION = 5.0;
				TARGETED_DEVICE_FAMILY = "1,2";
				TEST_TARGET_NAME = Brewly;
			};
			name = Release;
		};
/* End XCBuildConfiguration section */

/* Begin XCConfigurationList section */
		847A4E702729895A00539CD2 /* Build configuration list for PBXProject "Brewly" */ = {
			isa = XCConfigurationList;
			buildConfigurations = (
				847A4E9D2729895B00539CD2 /* Debug */,
				847A4E9E2729895B00539CD2 /* Release */,
			);
			defaultConfigurationIsVisible = 0;
			defaultConfigurationName = Release;
		};
		847A4E9F2729895B00539CD2 /* Build configuration list for PBXNativeTarget "Brewly" */ = {
			isa = XCConfigurationList;
			buildConfigurations = (
				847A4EA02729895B00539CD2 /* Debug */,
				847A4EA12729895B00539CD2 /* Release */,
			);
			defaultConfigurationIsVisible = 0;
			defaultConfigurationName = Release;
		};
		847A4EA22729895B00539CD2 /* Build configuration list for PBXNativeTarget "BrewlyTests" */ = {
			isa = XCConfigurationList;
			buildConfigurations = (
				847A4EA32729895B00539CD2 /* Debug */,
				847A4EA42729895B00539CD2 /* Release */,
			);
			defaultConfigurationIsVisible = 0;
			defaultConfigurationName = Release;
		};
		847A4EA52729895B00539CD2 /* Build configuration list for PBXNativeTarget "BrewlyUITests" */ = {
			isa = XCConfigurationList;
			buildConfigurations = (
				847A4EA62729895B00539CD2 /* Debug */,
				847A4EA72729895B00539CD2 /* Release */,
			);
			defaultConfigurationIsVisible = 0;
			defaultConfigurationName = Release;
		};
/* End XCConfigurationList section */

/* Begin XCRemoteSwiftPackageReference section */
		84845E3A274D427D005F97D5 /* XCRemoteSwiftPackageReference "firebase-ios-sdk" */ = {
			isa = XCRemoteSwiftPackageReference;
			repositoryURL = "https://github.com/firebase/firebase-ios-sdk.git";
			requirement = {
				branch = master;
				kind = branch;
			};
		};
		84845E46274D44A0005F97D5 /* XCRemoteSwiftPackageReference "GoogleSignIn-iOS" */ = {
			isa = XCRemoteSwiftPackageReference;
			repositoryURL = "https://github.com/google/GoogleSignIn-iOS.git";
			requirement = {
				kind = upToNextMajorVersion;
				minimumVersion = 6.0.0;
			};
		};
/* End XCRemoteSwiftPackageReference section */

/* Begin XCSwiftPackageProductDependency section */
		84845E3B274D427D005F97D5 /* FirebaseAuth */ = {
			isa = XCSwiftPackageProductDependency;
			package = 84845E3A274D427D005F97D5 /* XCRemoteSwiftPackageReference "firebase-ios-sdk" */;
			productName = FirebaseAuth;
		};
		84845E3D274D427D005F97D5 /* FirebaseDatabase */ = {
			isa = XCSwiftPackageProductDependency;
			package = 84845E3A274D427D005F97D5 /* XCRemoteSwiftPackageReference "firebase-ios-sdk" */;
			productName = FirebaseDatabase;
		};
		84845E3F274D427D005F97D5 /* FirebaseFirestore */ = {
			isa = XCSwiftPackageProductDependency;
			package = 84845E3A274D427D005F97D5 /* XCRemoteSwiftPackageReference "firebase-ios-sdk" */;
			productName = FirebaseFirestore;
		};
		84845E41274D427D005F97D5 /* FirebaseStorage */ = {
			isa = XCSwiftPackageProductDependency;
			package = 84845E3A274D427D005F97D5 /* XCRemoteSwiftPackageReference "firebase-ios-sdk" */;
			productName = FirebaseStorage;
		};
		84845E47274D44A1005F97D5 /* GoogleSignIn */ = {
			isa = XCSwiftPackageProductDependency;
			package = 84845E46274D44A0005F97D5 /* XCRemoteSwiftPackageReference "GoogleSignIn-iOS" */;
			productName = GoogleSignIn;
		};
/* End XCSwiftPackageProductDependency section */
	};
	rootObject = 847A4E6D2729895A00539CD2 /* Project object */;
}
