// !$*UTF8*$!
{
	archiveVersion = 1;
	classes = {
	};
	objectVersion = 55;
	objects = {

/* Begin PBXBuildFile section */
		847A4E792729895A00539CD2 /* AppDelegate.swift in Sources */ = {isa = PBXBuildFile; fileRef = 847A4E782729895A00539CD2 /* AppDelegate.swift */; };
		847A4E7B2729895A00539CD2 /* SceneDelegate.swift in Sources */ = {isa = PBXBuildFile; fileRef = 847A4E7A2729895A00539CD2 /* SceneDelegate.swift */; };
		847A4E7D2729895A00539CD2 /* ViewController.swift in Sources */ = {isa = PBXBuildFile; fileRef = 847A4E7C2729895A00539CD2 /* ViewController.swift */; };
		847A4E802729895A00539CD2 /* Main.storyboard in Resources */ = {isa = PBXBuildFile; fileRef = 847A4E7E2729895A00539CD2 /* Main.storyboard */; };
		847A4E822729895B00539CD2 /* Assets.xcassets in Resources */ = {isa = PBXBuildFile; fileRef = 847A4E812729895B00539CD2 /* Assets.xcassets */; };
		847A4E852729895B00539CD2 /* LaunchScreen.storyboard in Resources */ = {isa = PBXBuildFile; fileRef = 847A4E832729895B00539CD2 /* LaunchScreen.storyboard */; };
		847A4E902729895B00539CD2 /* BrewlyTests.swift in Sources */ = {isa = PBXBuildFile; fileRef = 847A4E8F2729895B00539CD2 /* BrewlyTests.swift */; };
		847A4E9A2729895B00539CD2 /* BrewlyUITests.swift in Sources */ = {isa = PBXBuildFile; fileRef = 847A4E992729895B00539CD2 /* BrewlyUITests.swift */; };
		847A4E9C2729895B00539CD2 /* BrewlyUITestsLaunchTests.swift in Sources */ = {isa = PBXBuildFile; fileRef = 847A4E9B2729895B00539CD2 /* BrewlyUITestsLaunchTests.swift */; };
/* End PBXBuildFile section */

/* Begin PBXContainerItemProxy section */
		847A4E8C2729895B00539CD2 /* PBXContainerItemProxy */ = {
			isa = PBXContainerItemProxy;
			containerPortal = 847A4E6D2729895A00539CD2 /* Project object */;
			proxyType = 1;
			remoteGlobalIDString = 847A4E742729895A00539CD2;
			remoteInfo = Brewly;
		};
		847A4E962729895B00539CD2 /* PBXContainerItemProxy */ = {
			isa = PBXContainerItemProxy;
			containerPortal = 847A4E6D2729895A00539CD2 /* Project object */;
			proxyType = 1;
			remoteGlobalIDString = 847A4E742729895A00539CD2;
			remoteInfo = Brewly;
		};
/* End PBXContainerItemProxy section */

/* Begin PBXFileReference section */
		847A4E752729895A00539CD2 /* Brewly.app */ = {isa = PBXFileReference; explicitFileType = wrapper.application; includeInIndex = 0; path = Brewly.app; sourceTree = BUILT_PRODUCTS_DIR; };
		847A4E782729895A00539CD2 /* AppDelegate.swift */ = {isa = PBXFileReference; lastKnownFileType = sourcecode.swift; path = AppDelegate.swift; sourceTree = "<group>"; };
		847A4E7A2729895A00539CD2 /* SceneDelegate.swift */ = {isa = PBXFileReference; lastKnownFileType = sourcecode.swift; path = SceneDelegate.swift; sourceTree = "<group>"; };
		847A4E7C2729895A00539CD2 /* ViewController.swift */ = {isa = PBXFileReference; lastKnownFileType = sourcecode.swift; path = ViewController.swift; sourceTree = "<group>"; };
		847A4E7F2729895A00539CD2 /* Base */ = {isa = PBXFileReference; lastKnownFileType = file.storyboard; name = Base; path = Base.lproj/Main.storyboard; sourceTree = "<group>"; };
		847A4E812729895B00539CD2 /* Assets.xcassets */ = {isa = PBXFileReference; lastKnownFileType = folder.assetcatalog; path = Assets.xcassets; sourceTree = "<group>"; };
		847A4E842729895B00539CD2 /* Base */ = {isa = PBXFileReference; lastKnownFileType = file.storyboard; name = Base; path = Base.lproj/LaunchScreen.storyboard; sourceTree = "<group>"; };
		847A4E862729895B00539CD2 /* Info.plist */ = {isa = PBXFileReference; lastKnownFileType = text.plist.xml; path = Info.plist; sourceTree = "<group>"; };
		847A4E8B2729895B00539CD2 /* BrewlyTests.xctest */ = {isa = PBXFileReference; explicitFileType = wrapper.cfbundle; includeInIndex = 0; path = BrewlyTests.xctest; sourceTree = BUILT_PRODUCTS_DIR; };
		847A4E8F2729895B00539CD2 /* BrewlyTests.swift */ = {isa = PBXFileReference; lastKnownFileType = sourcecode.swift; path = BrewlyTests.swift; sourceTree = "<group>"; };
		847A4E952729895B00539CD2 /* BrewlyUITests.xctest */ = {isa = PBXFileReference; explicitFileType = wrapper.cfbundle; includeInIndex = 0; path = BrewlyUITests.xctest; sourceTree = BUILT_PRODUCTS_DIR; };
		847A4E992729895B00539CD2 /* BrewlyUITests.swift */ = {isa = PBXFileReference; lastKnownFileType = sourcecode.swift; path = BrewlyUITests.swift; sourceTree = "<group>"; };
		847A4E9B2729895B00539CD2 /* BrewlyUITestsLaunchTests.swift */ = {isa = PBXFileReference; lastKnownFileType = sourcecode.swift; path = BrewlyUITestsLaunchTests.swift; sourceTree = "<group>"; };
/* End PBXFileReference section */

/* Begin PBXFrameworksBuildPhase section */
		847A4E722729895A00539CD2 /* Frameworks */ = {
			isa = PBXFrameworksBuildPhase;
			buildActionMask = 2147483647;
			files = (
			);
			runOnlyForDeploymentPostprocessing = 0;
		};
		847A4E882729895B00539CD2 /* Frameworks */ = {
			isa = PBXFrameworksBuildPhase;
			buildActionMask = 2147483647;
			files = (
			);
			runOnlyForDeploymentPostprocessing = 0;
		};
		847A4E922729895B00539CD2 /* Frameworks */ = {
			isa = PBXFrameworksBuildPhase;
			buildActionMask = 2147483647;
			files = (
			);
			runOnlyForDeploymentPostprocessing = 0;
		};
/* End PBXFrameworksBuildPhase section */

/* Begin PBXGroup section */
		847A4E6C2729895A00539CD2 = {
			isa = PBXGroup;
			children = (
				847A4E772729895A00539CD2 /* Brewly */,
				847A4E8E2729895B00539CD2 /* BrewlyTests */,
				847A4E982729895B00539CD2 /* BrewlyUITests */,
				847A4E762729895A00539CD2 /* Products */,
			);
			sourceTree = "<group>";
		};
		847A4E762729895A00539CD2 /* Products */ = {
			isa = PBXGroup;
			children = (
				847A4E752729895A00539CD2 /* Brewly.app */,
				847A4E8B2729895B00539CD2 /* BrewlyTests.xctest */,
				847A4E952729895B00539CD2 /* BrewlyUITests.xctest */,
			);
			name = Products;
			sourceTree = "<group>";
		};
		847A4E772729895A00539CD2 /* Brewly */ = {
			isa = PBXGroup;
			children = (
				847A4E782729895A00539CD2 /* AppDelegate.swift */,
				847A4E7A2729895A00539CD2 /* SceneDelegate.swift */,
				847A4E7C2729895A00539CD2 /* ViewController.swift */,
				847A4E7E2729895A00539CD2 /* Main.storyboard */,
				847A4E812729895B00539CD2 /* Assets.xcassets */,
				847A4E832729895B00539CD2 /* LaunchScreen.storyboard */,
				847A4E862729895B00539CD2 /* Info.plist */,
			);
			path = Brewly;
			sourceTree = "<group>";
		};
		847A4E8E2729895B00539CD2 /* BrewlyTests */ = {
			isa = PBXGroup;
			children = (
				847A4E8F2729895B00539CD2 /* BrewlyTests.swift */,
			);
			path = BrewlyTests;
			sourceTree = "<group>";
		};
		847A4E982729895B00539CD2 /* BrewlyUITests */ = {
			isa = PBXGroup;
			children = (
				847A4E992729895B00539CD2 /* BrewlyUITests.swift */,
				847A4E9B2729895B00539CD2 /* BrewlyUITestsLaunchTests.swift */,
			);
			path = BrewlyUITests;
			sourceTree = "<group>";
		};
/* End PBXGroup section */

/* Begin PBXNativeTarget section */
		847A4E742729895A00539CD2 /* Brewly */ = {
			isa = PBXNativeTarget;
			buildConfigurationList = 847A4E9F2729895B00539CD2 /* Build configuration list for PBXNativeTarget "Brewly" */;
			buildPhases = (
				847A4E712729895A00539CD2 /* Sources */,
				847A4E722729895A00539CD2 /* Frameworks */,
				847A4E732729895A00539CD2 /* Resources */,
			);
			buildRules = (
			);
			dependencies = (
			);
			name = Brewly;
			productName = Brewly;
			productReference = 847A4E752729895A00539CD2 /* Brewly.app */;
			productType = "com.apple.product-type.application";
		};
		847A4E8A2729895B00539CD2 /* BrewlyTests */ = {
			isa = PBXNativeTarget;
			buildConfigurationList = 847A4EA22729895B00539CD2 /* Build configuration list for PBXNativeTarget "BrewlyTests" */;
			buildPhases = (
				847A4E872729895B00539CD2 /* Sources */,
				847A4E882729895B00539CD2 /* Frameworks */,
				847A4E892729895B00539CD2 /* Resources */,
			);
			buildRules = (
			);
			dependencies = (
				847A4E8D2729895B00539CD2 /* PBXTargetDependency */,
			);
			name = BrewlyTests;
			productName = BrewlyTests;
			productReference = 847A4E8B2729895B00539CD2 /* BrewlyTests.xctest */;
			productType = "com.apple.product-type.bundle.unit-test";
		};
		847A4E942729895B00539CD2 /* BrewlyUITests */ = {
			isa = PBXNativeTarget;
			buildConfigurationList = 847A4EA52729895B00539CD2 /* Build configuration list for PBXNativeTarget "BrewlyUITests" */;
			buildPhases = (
				847A4E912729895B00539CD2 /* Sources */,
				847A4E922729895B00539CD2 /* Frameworks */,
				847A4E932729895B00539CD2 /* Resources */,
			);
			buildRules = (
			);
			dependencies = (
				847A4E972729895B00539CD2 /* PBXTargetDependency */,
			);
			name = BrewlyUITests;
			productName = BrewlyUITests;
			productReference = 847A4E952729895B00539CD2 /* BrewlyUITests.xctest */;
			productType = "com.apple.product-type.bundle.ui-testing";
		};
/* End PBXNativeTarget section */

/* Begin PBXProject section */
		847A4E6D2729895A00539CD2 /* Project object */ = {
			isa = PBXProject;
			attributes = {
				BuildIndependentTargetsInParallel = 1;
				LastSwiftUpdateCheck = 1300;
				LastUpgradeCheck = 1300;
				TargetAttributes = {
					847A4E742729895A00539CD2 = {
						CreatedOnToolsVersion = 13.0;
					};
					847A4E8A2729895B00539CD2 = {
						CreatedOnToolsVersion = 13.0;
						TestTargetID = 847A4E742729895A00539CD2;
					};
					847A4E942729895B00539CD2 = {
						CreatedOnToolsVersion = 13.0;
						TestTargetID = 847A4E742729895A00539CD2;
					};
				};
			};
			buildConfigurationList = 847A4E702729895A00539CD2 /* Build configuration list for PBXProject "Brewly" */;
			compatibilityVersion = "Xcode 13.0";
			developmentRegion = en;
			hasScannedForEncodings = 0;
			knownRegions = (
				en,
				Base,
			);
			mainGroup = 847A4E6C2729895A00539CD2;
			productRefGroup = 847A4E762729895A00539CD2 /* Products */;
			projectDirPath = "";
			projectRoot = "";
			targets = (
				847A4E742729895A00539CD2 /* Brewly */,
				847A4E8A2729895B00539CD2 /* BrewlyTests */,
				847A4E942729895B00539CD2 /* BrewlyUITests */,
			);
		};
/* End PBXProject section */

/* Begin PBXResourcesBuildPhase section */
		847A4E732729895A00539CD2 /* Resources */ = {
			isa = PBXResourcesBuildPhase;
			buildActionMask = 2147483647;
			files = (
				847A4E852729895B00539CD2 /* LaunchScreen.storyboard in Resources */,
				847A4E822729895B00539CD2 /* Assets.xcassets in Resources */,
				847A4E802729895A00539CD2 /* Main.storyboard in Resources */,
			);
			runOnlyForDeploymentPostprocessing = 0;
		};
		847A4E892729895B00539CD2 /* Resources */ = {
			isa = PBXResourcesBuildPhase;
			buildActionMask = 2147483647;
			files = (
			);
			runOnlyForDeploymentPostprocessing = 0;
		};
		847A4E932729895B00539CD2 /* Resources */ = {
			isa = PBXResourcesBuildPhase;
			buildActionMask = 2147483647;
			files = (
			);
			runOnlyForDeploymentPostprocessing = 0;
		};
/* End PBXResourcesBuildPhase section */

/* Begin PBXSourcesBuildPhase section */
		847A4E712729895A00539CD2 /* Sources */ = {
			isa = PBXSourcesBuildPhase;
			buildActionMask = 2147483647;
			files = (
				847A4E7D2729895A00539CD2 /* ViewController.swift in Sources */,
				847A4E792729895A00539CD2 /* AppDelegate.swift in Sources */,
				847A4E7B2729895A00539CD2 /* SceneDelegate.swift in Sources */,
			);
			runOnlyForDeploymentPostprocessing = 0;
		};
		847A4E872729895B00539CD2 /* Sources */ = {
			isa = PBXSourcesBuildPhase;
			buildActionMask = 2147483647;
			files = (
				847A4E902729895B00539CD2 /* BrewlyTests.swift in Sources */,
			);
			runOnlyForDeploymentPostprocessing = 0;
		};
		847A4E912729895B00539CD2 /* Sources */ = {
			isa = PBXSourcesBuildPhase;
			buildActionMask = 2147483647;
			files = (
				847A4E9A2729895B00539CD2 /* BrewlyUITests.swift in Sources */,
				847A4E9C2729895B00539CD2 /* BrewlyUITestsLaunchTests.swift in Sources */,
			);
			runOnlyForDeploymentPostprocessing = 0;
		};
/* End PBXSourcesBuildPhase section */

/* Begin PBXTargetDependency section */
		847A4E8D2729895B00539CD2 /* PBXTargetDependency */ = {
			isa = PBXTargetDependency;
			target = 847A4E742729895A00539CD2 /* Brewly */;
			targetProxy = 847A4E8C2729895B00539CD2 /* PBXContainerItemProxy */;
		};
		847A4E972729895B00539CD2 /* PBXTargetDependency */ = {
			isa = PBXTargetDependency;
			target = 847A4E742729895A00539CD2 /* Brewly */;
			targetProxy = 847A4E962729895B00539CD2 /* PBXContainerItemProxy */;
		};
/* End PBXTargetDependency section */

/* Begin PBXVariantGroup section */
		847A4E7E2729895A00539CD2 /* Main.storyboard */ = {
			isa = PBXVariantGroup;
			children = (
				847A4E7F2729895A00539CD2 /* Base */,
			);
			name = Main.storyboard;
			sourceTree = "<group>";
		};
		847A4E832729895B00539CD2 /* LaunchScreen.storyboard */ = {
			isa = PBXVariantGroup;
			children = (
				847A4E842729895B00539CD2 /* Base */,
			);
			name = LaunchScreen.storyboard;
			sourceTree = "<group>";
		};
/* End PBXVariantGroup section */

/* Begin XCBuildConfiguration section */
		847A4E9D2729895B00539CD2 /* Debug */ = {
			isa = XCBuildConfiguration;
			buildSettings = {
				ALWAYS_SEARCH_USER_PATHS = NO;
				CLANG_ANALYZER_NONNULL = YES;
				CLANG_ANALYZER_NUMBER_OBJECT_CONVERSION = YES_AGGRESSIVE;
				CLANG_CXX_LANGUAGE_STANDARD = "gnu++17";
				CLANG_CXX_LIBRARY = "libc++";
				CLANG_ENABLE_MODULES = YES;
				CLANG_ENABLE_OBJC_ARC = YES;
				CLANG_ENABLE_OBJC_WEAK = YES;
				CLANG_WARN_BLOCK_CAPTURE_AUTORELEASING = YES;
				CLANG_WARN_BOOL_CONVERSION = YES;
				CLANG_WARN_COMMA = YES;
				CLANG_WARN_CONSTANT_CONVERSION = YES;
				CLANG_WARN_DEPRECATED_OBJC_IMPLEMENTATIONS = YES;
				CLANG_WARN_DIRECT_OBJC_ISA_USAGE = YES_ERROR;
				CLANG_WARN_DOCUMENTATION_COMMENTS = YES;
				CLANG_WARN_EMPTY_BODY = YES;
				CLANG_WARN_ENUM_CONVERSION = YES;
				CLANG_WARN_INFINITE_RECURSION = YES;
				CLANG_WARN_INT_CONVERSION = YES;
				CLANG_WARN_NON_LITERAL_NULL_CONVERSION = YES;
				CLANG_WARN_OBJC_IMPLICIT_RETAIN_SELF = YES;
				CLANG_WARN_OBJC_LITERAL_CONVERSION = YES;
				CLANG_WARN_OBJC_ROOT_CLASS = YES_ERROR;
				CLANG_WARN_QUOTED_INCLUDE_IN_FRAMEWORK_HEADER = YES;
				CLANG_WARN_RANGE_LOOP_ANALYSIS = YES;
				CLANG_WARN_STRICT_PROTOTYPES = YES;
				CLANG_WARN_SUSPICIOUS_MOVE = YES;
				CLANG_WARN_UNGUARDED_AVAILABILITY = YES_AGGRESSIVE;
				CLANG_WARN_UNREACHABLE_CODE = YES;
				CLANG_WARN__DUPLICATE_METHOD_MATCH = YES;
				COPY_PHASE_STRIP = NO;
				DEBUG_INFORMATION_FORMAT = dwarf;
				ENABLE_STRICT_OBJC_MSGSEND = YES;
				ENABLE_TESTABILITY = YES;
				GCC_C_LANGUAGE_STANDARD = gnu11;
				GCC_DYNAMIC_NO_PIC = NO;
				GCC_NO_COMMON_BLOCKS = YES;
				GCC_OPTIMIZATION_LEVEL = 0;
				GCC_PREPROCESSOR_DEFINITIONS = (
					"DEBUG=1",
					"$(inherited)",
				);
				GCC_WARN_64_TO_32_BIT_CONVERSION = YES;
				GCC_WARN_ABOUT_RETURN_TYPE = YES_ERROR;
				GCC_WARN_UNDECLARED_SELECTOR = YES;
				GCC_WARN_UNINITIALIZED_AUTOS = YES_AGGRESSIVE;
				GCC_WARN_UNUSED_FUNCTION = YES;
				GCC_WARN_UNUSED_VARIABLE = YES;
				IPHONEOS_DEPLOYMENT_TARGET = 15.0;
				MTL_ENABLE_DEBUG_INFO = INCLUDE_SOURCE;
				MTL_FAST_MATH = YES;
				ONLY_ACTIVE_ARCH = YES;
				SDKROOT = iphoneos;
				SWIFT_ACTIVE_COMPILATION_CONDITIONS = DEBUG;
				SWIFT_OPTIMIZATION_LEVEL = "-Onone";
			};
			name = Debug;
		};
		847A4E9E2729895B00539CD2 /* Release */ = {
			isa = XCBuildConfiguration;
			buildSettings = {
				ALWAYS_SEARCH_USER_PATHS = NO;
				CLANG_ANALYZER_NONNULL = YES;
				CLANG_ANALYZER_NUMBER_OBJECT_CONVERSION = YES_AGGRESSIVE;
				CLANG_CXX_LANGUAGE_STANDARD = "gnu++17";
				CLANG_CXX_LIBRARY = "libc++";
				CLANG_ENABLE_MODULES = YES;
				CLANG_ENABLE_OBJC_ARC = YES;
				CLANG_ENABLE_OBJC_WEAK = YES;
				CLANG_WARN_BLOCK_CAPTURE_AUTORELEASING = YES;
				CLANG_WARN_BOOL_CONVERSION = YES;
				CLANG_WARN_COMMA = YES;
				CLANG_WARN_CONSTANT_CONVERSION = YES;
				CLANG_WARN_DEPRECATED_OBJC_IMPLEMENTATIONS = YES;
				CLANG_WARN_DIRECT_OBJC_ISA_USAGE = YES_ERROR;
				CLANG_WARN_DOCUMENTATION_COMMENTS = YES;
				CLANG_WARN_EMPTY_BODY = YES;
				CLANG_WARN_ENUM_CONVERSION = YES;
				CLANG_WARN_INFINITE_RECURSION = YES;
				CLANG_WARN_INT_CONVERSION = YES;
				CLANG_WARN_NON_LITERAL_NULL_CONVERSION = YES;
				CLANG_WARN_OBJC_IMPLICIT_RETAIN_SELF = YES;
				CLANG_WARN_OBJC_LITERAL_CONVERSION = YES;
				CLANG_WARN_OBJC_ROOT_CLASS = YES_ERROR;
				CLANG_WARN_QUOTED_INCLUDE_IN_FRAMEWORK_HEADER = YES;
				CLANG_WARN_RANGE_LOOP_ANALYSIS = YES;
				CLANG_WARN_STRICT_PROTOTYPES = YES;
				CLANG_WARN_SUSPICIOUS_MOVE = YES;
				CLANG_WARN_UNGUARDED_AVAILABILITY = YES_AGGRESSIVE;
				CLANG_WARN_UNREACHABLE_CODE = YES;
				CLANG_WARN__DUPLICATE_METHOD_MATCH = YES;
				COPY_PHASE_STRIP = NO;
				DEBUG_INFORMATION_FORMAT = "dwarf-with-dsym";
				ENABLE_NS_ASSERTIONS = NO;
				ENABLE_STRICT_OBJC_MSGSEND = YES;
				GCC_C_LANGUAGE_STANDARD = gnu11;
				GCC_NO_COMMON_BLOCKS = YES;
				GCC_WARN_64_TO_32_BIT_CONVERSION = YES;
				GCC_WARN_ABOUT_RETURN_TYPE = YES_ERROR;
				GCC_WARN_UNDECLARED_SELECTOR = YES;
				GCC_WARN_UNINITIALIZED_AUTOS = YES_AGGRESSIVE;
				GCC_WARN_UNUSED_FUNCTION = YES;
				GCC_WARN_UNUSED_VARIABLE = YES;
				IPHONEOS_DEPLOYMENT_TARGET = 15.0;
				MTL_ENABLE_DEBUG_INFO = NO;
				MTL_FAST_MATH = YES;
				SDKROOT = iphoneos;
				SWIFT_COMPILATION_MODE = wholemodule;
				SWIFT_OPTIMIZATION_LEVEL = "-O";
				VALIDATE_PRODUCT = YES;
			};
			name = Release;
		};
		847A4EA02729895B00539CD2 /* Debug */ = {
			isa = XCBuildConfiguration;
			buildSettings = {
				ASSETCATALOG_COMPILER_APPICON_NAME = AppIcon;
				ASSETCATALOG_COMPILER_GLOBAL_ACCENT_COLOR_NAME = AccentColor;
				CODE_SIGN_STYLE = Automatic;
				CURRENT_PROJECT_VERSION = 1;
				DEVELOPMENT_TEAM = 245L36N25P;
				GENERATE_INFOPLIST_FILE = YES;
				INFOPLIST_FILE = Brewly/Info.plist;
				INFOPLIST_KEY_UIApplicationSupportsIndirectInputEvents = YES;
				INFOPLIST_KEY_UILaunchStoryboardName = LaunchScreen;
				INFOPLIST_KEY_UIMainStoryboardFile = Main;
				INFOPLIST_KEY_UISupportedInterfaceOrientations_iPad = "UIInterfaceOrientationPortrait UIInterfaceOrientationPortraitUpsideDown UIInterfaceOrientationLandscapeLeft UIInterfaceOrientationLandscapeRight";
				INFOPLIST_KEY_UISupportedInterfaceOrientations_iPhone = "UIInterfaceOrientationPortrait UIInterfaceOrientationLandscapeLeft UIInterfaceOrientationLandscapeRight";
				LD_RUNPATH_SEARCH_PATHS = (
					"$(inherited)",
					"@executable_path/Frameworks",
				);
				MARKETING_VERSION = 1.0;
				PRODUCT_BUNDLE_IDENTIFIER = Drogonov.Brewly;
				PRODUCT_NAME = "$(TARGET_NAME)";
				SWIFT_EMIT_LOC_STRINGS = YES;
				SWIFT_VERSION = 5.0;
				TARGETED_DEVICE_FAMILY = "1,2";
			};
			name = Debug;
		};
		847A4EA12729895B00539CD2 /* Release */ = {
			isa = XCBuildConfiguration;
			buildSettings = {
				ASSETCATALOG_COMPILER_APPICON_NAME = AppIcon;
				ASSETCATALOG_COMPILER_GLOBAL_ACCENT_COLOR_NAME = AccentColor;
				CODE_SIGN_STYLE = Automatic;
				CURRENT_PROJECT_VERSION = 1;
				DEVELOPMENT_TEAM = 245L36N25P;
				GENERATE_INFOPLIST_FILE = YES;
				INFOPLIST_FILE = Brewly/Info.plist;
				INFOPLIST_KEY_UIApplicationSupportsIndirectInputEvents = YES;
				INFOPLIST_KEY_UILaunchStoryboardName = LaunchScreen;
				INFOPLIST_KEY_UIMainStoryboardFile = Main;
				INFOPLIST_KEY_UISupportedInterfaceOrientations_iPad = "UIInterfaceOrientationPortrait UIInterfaceOrientationPortraitUpsideDown UIInterfaceOrientationLandscapeLeft UIInterfaceOrientationLandscapeRight";
				INFOPLIST_KEY_UISupportedInterfaceOrientations_iPhone = "UIInterfaceOrientationPortrait UIInterfaceOrientationLandscapeLeft UIInterfaceOrientationLandscapeRight";
				LD_RUNPATH_SEARCH_PATHS = (
					"$(inherited)",
					"@executable_path/Frameworks",
				);
				MARKETING_VERSION = 1.0;
				PRODUCT_BUNDLE_IDENTIFIER = Drogonov.Brewly;
				PRODUCT_NAME = "$(TARGET_NAME)";
				SWIFT_EMIT_LOC_STRINGS = YES;
				SWIFT_VERSION = 5.0;
				TARGETED_DEVICE_FAMILY = "1,2";
			};
			name = Release;
		};
		847A4EA32729895B00539CD2 /* Debug */ = {
			isa = XCBuildConfiguration;
			buildSettings = {
				ALWAYS_EMBED_SWIFT_STANDARD_LIBRARIES = YES;
				BUNDLE_LOADER = "$(TEST_HOST)";
				CODE_SIGN_STYLE = Automatic;
				CURRENT_PROJECT_VERSION = 1;
				DEVELOPMENT_TEAM = 245L36N25P;
				GENERATE_INFOPLIST_FILE = YES;
				IPHONEOS_DEPLOYMENT_TARGET = 15.0;
				LD_RUNPATH_SEARCH_PATHS = (
					"$(inherited)",
					"@executable_path/Frameworks",
					"@loader_path/Frameworks",
				);
				MARKETING_VERSION = 1.0;
				PRODUCT_BUNDLE_IDENTIFIER = Drogonov.BrewlyTests;
				PRODUCT_NAME = "$(TARGET_NAME)";
				SWIFT_EMIT_LOC_STRINGS = NO;
				SWIFT_VERSION = 5.0;
				TARGETED_DEVICE_FAMILY = "1,2";
				TEST_HOST = "$(BUILT_PRODUCTS_DIR)/Brewly.app/Brewly";
			};
			name = Debug;
		};
		847A4EA42729895B00539CD2 /* Release */ = {
			isa = XCBuildConfiguration;
			buildSettings = {
				ALWAYS_EMBED_SWIFT_STANDARD_LIBRARIES = YES;
				BUNDLE_LOADER = "$(TEST_HOST)";
				CODE_SIGN_STYLE = Automatic;
				CURRENT_PROJECT_VERSION = 1;
				DEVELOPMENT_TEAM = 245L36N25P;
				GENERATE_INFOPLIST_FILE = YES;
				IPHONEOS_DEPLOYMENT_TARGET = 15.0;
				LD_RUNPATH_SEARCH_PATHS = (
					"$(inherited)",
					"@executable_path/Frameworks",
					"@loader_path/Frameworks",
				);
				MARKETING_VERSION = 1.0;
				PRODUCT_BUNDLE_IDENTIFIER = Drogonov.BrewlyTests;
				PRODUCT_NAME = "$(TARGET_NAME)";
				SWIFT_EMIT_LOC_STRINGS = NO;
				SWIFT_VERSION = 5.0;
				TARGETED_DEVICE_FAMILY = "1,2";
				TEST_HOST = "$(BUILT_PRODUCTS_DIR)/Brewly.app/Brewly";
			};
			name = Release;
		};
		847A4EA62729895B00539CD2 /* Debug */ = {
			isa = XCBuildConfiguration;
			buildSettings = {
				ALWAYS_EMBED_SWIFT_STANDARD_LIBRARIES = YES;
				CODE_SIGN_STYLE = Automatic;
				CURRENT_PROJECT_VERSION = 1;
				DEVELOPMENT_TEAM = 245L36N25P;
				GENERATE_INFOPLIST_FILE = YES;
				LD_RUNPATH_SEARCH_PATHS = (
					"$(inherited)",
					"@executable_path/Frameworks",
					"@loader_path/Frameworks",
				);
				MARKETING_VERSION = 1.0;
				PRODUCT_BUNDLE_IDENTIFIER = Drogonov.BrewlyUITests;
				PRODUCT_NAME = "$(TARGET_NAME)";
				SWIFT_EMIT_LOC_STRINGS = NO;
				SWIFT_VERSION = 5.0;
				TARGETED_DEVICE_FAMILY = "1,2";
				TEST_TARGET_NAME = Brewly;
			};
			name = Debug;
		};
		847A4EA72729895B00539CD2 /* Release */ = {
			isa = XCBuildConfiguration;
			buildSettings = {
				ALWAYS_EMBED_SWIFT_STANDARD_LIBRARIES = YES;
				CODE_SIGN_STYLE = Automatic;
				CURRENT_PROJECT_VERSION = 1;
				DEVELOPMENT_TEAM = 245L36N25P;
				GENERATE_INFOPLIST_FILE = YES;
				LD_RUNPATH_SEARCH_PATHS = (
					"$(inherited)",
					"@executable_path/Frameworks",
					"@loader_path/Frameworks",
				);
				MARKETING_VERSION = 1.0;
				PRODUCT_BUNDLE_IDENTIFIER = Drogonov.BrewlyUITests;
				PRODUCT_NAME = "$(TARGET_NAME)";
				SWIFT_EMIT_LOC_STRINGS = NO;
				SWIFT_VERSION = 5.0;
				TARGETED_DEVICE_FAMILY = "1,2";
				TEST_TARGET_NAME = Brewly;
			};
			name = Release;
		};
/* End XCBuildConfiguration section */

/* Begin XCConfigurationList section */
		847A4E702729895A00539CD2 /* Build configuration list for PBXProject "Brewly" */ = {
			isa = XCConfigurationList;
			buildConfigurations = (
				847A4E9D2729895B00539CD2 /* Debug */,
				847A4E9E2729895B00539CD2 /* Release */,
			);
			defaultConfigurationIsVisible = 0;
			defaultConfigurationName = Release;
		};
		847A4E9F2729895B00539CD2 /* Build configuration list for PBXNativeTarget "Brewly" */ = {
			isa = XCConfigurationList;
			buildConfigurations = (
				847A4EA02729895B00539CD2 /* Debug */,
				847A4EA12729895B00539CD2 /* Release */,
			);
			defaultConfigurationIsVisible = 0;
			defaultConfigurationName = Release;
		};
		847A4EA22729895B00539CD2 /* Build configuration list for PBXNativeTarget "BrewlyTests" */ = {
			isa = XCConfigurationList;
			buildConfigurations = (
				847A4EA32729895B00539CD2 /* Debug */,
				847A4EA42729895B00539CD2 /* Release */,
			);
			defaultConfigurationIsVisible = 0;
			defaultConfigurationName = Release;
		};
		847A4EA52729895B00539CD2 /* Build configuration list for PBXNativeTarget "BrewlyUITests" */ = {
			isa = XCConfigurationList;
			buildConfigurations = (
				847A4EA62729895B00539CD2 /* Debug */,
				847A4EA72729895B00539CD2 /* Release */,
			);
			defaultConfigurationIsVisible = 0;
			defaultConfigurationName = Release;
		};
/* End XCConfigurationList section */
	};
	rootObject = 847A4E6D2729895A00539CD2 /* Project object */;
}
